Microsoft Visual Studio Solution File, Format Version 12.00
# Visual Studio 14
Project("{2150E333-8FDC-42A3-9474-1A3956D46DE8}") = "CMakePredefinedTargets", "CMakePredefinedTargets", "{7B9CF725-5B2F-3C9D-8B68-AE739BA1378D}"
EndProject
Project("{2150E333-8FDC-42A3-9474-1A3956D46DE8}") = "GLFW3", "GLFW3", "{CD92F239-0A4E-3A22-A58E-C7530A9CB37E}"
EndProject
Project("{2150E333-8FDC-42A3-9474-1A3956D46DE8}") = "Examples", "GLFW3\Examples", "{BBE379C6-BB2C-3F87-9DD7-4BD3C337E436}"
EndProject
Project("{2150E333-8FDC-42A3-9474-1A3956D46DE8}") = "Tests", "GLFW3\Tests", "{77E24162-F2B0-3459-935E-01691BEF76B7}"
EndProject
Project("{8BC9CEB8-8B4A-11D0-8D11-00A0C91BC942}") = "ALL_BUILD", "ALL_BUILD.vcxproj", "{666F4AA9-C77B-3EF2-8A67-090AEECE3786}"
	ProjectSection(ProjectDependencies) = postProject
		{8D75C045-7790-3C3B-9675-7A875DA7E3E0} = {8D75C045-7790-3C3B-9675-7A875DA7E3E0}
		{CFE0CED9-44A3-3B94-917F-BE4654B0E398} = {CFE0CED9-44A3-3B94-917F-BE4654B0E398}
		{689BAAB5-59ED-3F5D-A133-06EB3688A830} = {689BAAB5-59ED-3F5D-A133-06EB3688A830}
		{003B3E44-B8A6-3573-B45D-1AF26A28711B} = {003B3E44-B8A6-3573-B45D-1AF26A28711B}
		{DBED452D-C74F-32C6-92C5-094D591645BB} = {DBED452D-C74F-32C6-92C5-094D591645BB}
		{085D9664-5E07-3B1F-8CFB-FE28AFE18A19} = {085D9664-5E07-3B1F-8CFB-FE28AFE18A19}
		{CE2FF9AC-B9B3-3F24-A1D7-A612CF074EEC} = {CE2FF9AC-B9B3-3F24-A1D7-A612CF074EEC}
		{990A098A-B3E4-365D-BB15-8396BE0384E4} = {990A098A-B3E4-365D-BB15-8396BE0384E4}
		{F6DAD1AE-B30E-35C1-A743-79D36595B5EC} = {F6DAD1AE-B30E-35C1-A743-79D36595B5EC}
		{4519FA99-AC7C-3E8C-911E-A6B35CAB7124} = {4519FA99-AC7C-3E8C-911E-A6B35CAB7124}
		{50636321-1FCE-3AEA-9D13-A16DE037EDA1} = {50636321-1FCE-3AEA-9D13-A16DE037EDA1}
		{A98EBBE9-CE1F-32B6-B264-DFCE63185ECA} = {A98EBBE9-CE1F-32B6-B264-DFCE63185ECA}
		{BE295DD9-28C1-3EB8-BC32-5EDC62C267F1} = {BE295DD9-28C1-3EB8-BC32-5EDC62C267F1}
		{20CC9C5A-20D4-3F43-98D2-80EAE98D89CB} = {20CC9C5A-20D4-3F43-98D2-80EAE98D89CB}
		{BFBACF4A-BA6E-3660-9281-5603168EE721} = {BFBACF4A-BA6E-3660-9281-5603168EE721}
		{9823A935-A02A-38D2-96B7-85813EE31A91} = {9823A935-A02A-38D2-96B7-85813EE31A91}
		{3A94CCB7-A277-379C-8BB8-AF8871C30138} = {3A94CCB7-A277-379C-8BB8-AF8871C30138}
		{752EA382-D879-3AAE-909B-4FEB85CE610E} = {752EA382-D879-3AAE-909B-4FEB85CE610E}
		{F2111EEC-9159-3C8C-AF34-1F62FADD42C1} = {F2111EEC-9159-3C8C-AF34-1F62FADD42C1}
		{B52EDD01-06E6-3ACB-B595-E33290F6A33D} = {B52EDD01-06E6-3ACB-B595-E33290F6A33D}
		{11089380-A691-34E8-8F27-17B670C14447} = {11089380-A691-34E8-8F27-17B670C14447}
		{3C85A81E-B84E-323C-80C7-4B5B68EF9463} = {3C85A81E-B84E-323C-80C7-4B5B68EF9463}
		{B0E7DCD3-B25C-356E-84AE-62A36B1E5934} = {B0E7DCD3-B25C-356E-84AE-62A36B1E5934}
		{95CBF036-022B-370C-8689-D7C7229D14D1} = {95CBF036-022B-370C-8689-D7C7229D14D1}
		{5980DCCC-C9AF-3AA5-94C1-4A3A13E2B587} = {5980DCCC-C9AF-3AA5-94C1-4A3A13E2B587}
		{319E4176-9524-31D7-8E64-4535E4E1979E} = {319E4176-9524-31D7-8E64-4535E4E1979E}
		{E594BE0D-FD1A-35F5-90AE-67C1C86415A9} = {E594BE0D-FD1A-35F5-90AE-67C1C86415A9}
		{0ACB5119-C59F-3A8E-B960-77189B3639C4} = {0ACB5119-C59F-3A8E-B960-77189B3639C4}
		{9CFF22AA-F117-3082-91B0-13DD31EF88FD} = {9CFF22AA-F117-3082-91B0-13DD31EF88FD}
		{572C7116-71CA-38D6-8312-27F102864C2F} = {572C7116-71CA-38D6-8312-27F102864C2F}
		{1B395BC2-8A05-3F7B-9376-DD91A13728FC} = {1B395BC2-8A05-3F7B-9376-DD91A13728FC}
		{8304E889-52DB-36D3-9C93-1B50E7EF31B2} = {8304E889-52DB-36D3-9C93-1B50E7EF31B2}
		{9ED8A001-5503-3FF0-9783-08E9AB511E59} = {9ED8A001-5503-3FF0-9783-08E9AB511E59}
		{5AC70D53-CA04-3EA9-BE29-8E188AB94B75} = {5AC70D53-CA04-3EA9-BE29-8E188AB94B75}
		{7ABB3AD1-C445-3B0F-B197-1FE4F242E399} = {7ABB3AD1-C445-3B0F-B197-1FE4F242E399}
		{02133CC8-B61E-3A1F-8A79-F2BDAD9995E1} = {02133CC8-B61E-3A1F-8A79-F2BDAD9995E1}
		{3E6918C7-DA62-342C-8081-82C7ED7277D5} = {3E6918C7-DA62-342C-8081-82C7ED7277D5}
		{E715A50C-A489-3E00-BF64-9C099E4B7381} = {E715A50C-A489-3E00-BF64-9C099E4B7381}
		{2722B357-52BC-348B-94C7-88704713BC2E} = {2722B357-52BC-348B-94C7-88704713BC2E}
		{EA558912-375E-3924-A689-23B9BA9E1154} = {EA558912-375E-3924-A689-23B9BA9E1154}
		{E0E2B93B-966C-3672-B83F-E49D4236C4B3} = {E0E2B93B-966C-3672-B83F-E49D4236C4B3}
		{5FDF0397-7EAE-3548-989B-CFA6331C4F9D} = {5FDF0397-7EAE-3548-989B-CFA6331C4F9D}
		{5C11B492-DF1B-34E2-B3C7-38C3A0D98547} = {5C11B492-DF1B-34E2-B3C7-38C3A0D98547}
		{6F2D0C61-DDAA-3D85-B20B-E828B9B855D0} = {6F2D0C61-DDAA-3D85-B20B-E828B9B855D0}
		{02C56750-5096-3117-9AC1-C3A4B0746A11} = {02C56750-5096-3117-9AC1-C3A4B0746A11}
		{FF72FB65-CE0C-31BB-B309-D33EC99EBBF7} = {FF72FB65-CE0C-31BB-B309-D33EC99EBBF7}
		{03437562-F784-3DD0-8759-FB47ADE9B847} = {03437562-F784-3DD0-8759-FB47ADE9B847}
		{954A227C-829B-3B1D-8A79-F8F1EA1E8DEB} = {954A227C-829B-3B1D-8A79-F8F1EA1E8DEB}
		{5A03B6BB-466A-3188-BAB9-5CBCF2664142} = {5A03B6BB-466A-3188-BAB9-5CBCF2664142}
		{510ACD31-76F5-3085-BE37-A3A0941CCA88} = {510ACD31-76F5-3085-BE37-A3A0941CCA88}
		{DAFC6893-4B40-3CCD-BE19-F39CB2F4FEE3} = {DAFC6893-4B40-3CCD-BE19-F39CB2F4FEE3}
		{1F9BE9DE-81F0-3CAC-8BC3-E527AF9D0C1E} = {1F9BE9DE-81F0-3CAC-8BC3-E527AF9D0C1E}
		{68A20E9D-3C68-30DB-97B3-08D8E19E9946} = {68A20E9D-3C68-30DB-97B3-08D8E19E9946}
		{180B5B3D-1AAA-340E-BB94-4435CE8BBDAB} = {180B5B3D-1AAA-340E-BB94-4435CE8BBDAB}
		{A2DF91FF-DCA8-3205-B6C8-961617A4B102} = {A2DF91FF-DCA8-3205-B6C8-961617A4B102}
		{AC0AE41C-8D59-3A84-93C7-A6D67AD84461} = {AC0AE41C-8D59-3A84-93C7-A6D67AD84461}
		{8A5E349D-CDD1-38BC-8FC5-D887B0E62323} = {8A5E349D-CDD1-38BC-8FC5-D887B0E62323}
		{43155B68-D32C-3871-9970-214BB43F91CD} = {43155B68-D32C-3871-9970-214BB43F91CD}
		{6D32932F-1B39-3FF5-A889-BB480E8CDCA9} = {6D32932F-1B39-3FF5-A889-BB480E8CDCA9}
	EndProjectSection
EndProject
Project("{8BC9CEB8-8B4A-11D0-8D11-00A0C91BC942}") = "ANTTWEAKBAR_116_OGLCORE_GLFW", "external\ANTTWEAKBAR_116_OGLCORE_GLFW.vcxproj", "{8D75C045-7790-3C3B-9675-7A875DA7E3E0}"
	ProjectSection(ProjectDependencies) = postProject
		{CE2FF9AC-B9B3-3F24-A1D7-A612CF074EEC} = {CE2FF9AC-B9B3-3F24-A1D7-A612CF074EEC}
	EndProjectSection
EndProject
Project("{8BC9CEB8-8B4A-11D0-8D11-00A0C91BC942}") = "BulletCollision", "external\bullet-2.81-rev2613\src\BulletCollision\BulletCollision.vcxproj", "{CFE0CED9-44A3-3B94-917F-BE4654B0E398}"
	ProjectSection(ProjectDependencies) = postProject
		{CE2FF9AC-B9B3-3F24-A1D7-A612CF074EEC} = {CE2FF9AC-B9B3-3F24-A1D7-A612CF074EEC}
	EndProjectSection
EndProject
Project("{8BC9CEB8-8B4A-11D0-8D11-00A0C91BC942}") = "BulletDynamics", "external\bullet-2.81-rev2613\src\BulletDynamics\BulletDynamics.vcxproj", "{689BAAB5-59ED-3F5D-A133-06EB3688A830}"
	ProjectSection(ProjectDependencies) = postProject
		{CE2FF9AC-B9B3-3F24-A1D7-A612CF074EEC} = {CE2FF9AC-B9B3-3F24-A1D7-A612CF074EEC}
	EndProjectSection
EndProject
Project("{8BC9CEB8-8B4A-11D0-8D11-00A0C91BC942}") = "BulletSoftBody", "external\bullet-2.81-rev2613\src\BulletSoftBody\BulletSoftBody.vcxproj", "{003B3E44-B8A6-3573-B45D-1AF26A28711B}"
	ProjectSection(ProjectDependencies) = postProject
		{CE2FF9AC-B9B3-3F24-A1D7-A612CF074EEC} = {CE2FF9AC-B9B3-3F24-A1D7-A612CF074EEC}
	EndProjectSection
EndProject
Project("{8BC9CEB8-8B4A-11D0-8D11-00A0C91BC942}") = "GLEW_1130", "external\GLEW_1130.vcxproj", "{DBED452D-C74F-32C6-92C5-094D591645BB}"
	ProjectSection(ProjectDependencies) = postProject
		{CE2FF9AC-B9B3-3F24-A1D7-A612CF074EEC} = {CE2FF9AC-B9B3-3F24-A1D7-A612CF074EEC}
	EndProjectSection
EndProject
Project("{8BC9CEB8-8B4A-11D0-8D11-00A0C91BC942}") = "INSTALL", "INSTALL.vcxproj", "{BE799554-D572-38CA-A2FB-8506AF5A4FB1}"
	ProjectSection(ProjectDependencies) = postProject
		{666F4AA9-C77B-3EF2-8A67-090AEECE3786} = {666F4AA9-C77B-3EF2-8A67-090AEECE3786}
		{CE2FF9AC-B9B3-3F24-A1D7-A612CF074EEC} = {CE2FF9AC-B9B3-3F24-A1D7-A612CF074EEC}
	EndProjectSection
EndProject
Project("{8BC9CEB8-8B4A-11D0-8D11-00A0C91BC942}") = "LinearMath", "external\bullet-2.81-rev2613\src\LinearMath\LinearMath.vcxproj", "{085D9664-5E07-3B1F-8CFB-FE28AFE18A19}"
	ProjectSection(ProjectDependencies) = postProject
		{CE2FF9AC-B9B3-3F24-A1D7-A612CF074EEC} = {CE2FF9AC-B9B3-3F24-A1D7-A612CF074EEC}
	EndProjectSection
EndProject
Project("{8BC9CEB8-8B4A-11D0-8D11-00A0C91BC942}") = "ZERO_CHECK", "ZERO_CHECK.vcxproj", "{CE2FF9AC-B9B3-3F24-A1D7-A612CF074EEC}"
	ProjectSection(ProjectDependencies) = postProject
	EndProjectSection
EndProject
Project("{8BC9CEB8-8B4A-11D0-8D11-00A0C91BC942}") = "assimp", "external\assimp-3.0.1270\code\assimp.vcxproj", "{990A098A-B3E4-365D-BB15-8396BE0384E4}"
	ProjectSection(ProjectDependencies) = postProject
		{CE2FF9AC-B9B3-3F24-A1D7-A612CF074EEC} = {CE2FF9AC-B9B3-3F24-A1D7-A612CF074EEC}
		{6D32932F-1B39-3FF5-A889-BB480E8CDCA9} = {6D32932F-1B39-3FF5-A889-BB480E8CDCA9}
	EndProjectSection
EndProject
Project("{8BC9CEB8-8B4A-11D0-8D11-00A0C91BC942}") = "boing", "external\glfw-3.1.2\examples\boing.vcxproj", "{F6DAD1AE-B30E-35C1-A743-79D36595B5EC}"
	ProjectSection(ProjectDependencies) = postProject
		{CE2FF9AC-B9B3-3F24-A1D7-A612CF074EEC} = {CE2FF9AC-B9B3-3F24-A1D7-A612CF074EEC}
		{9823A935-A02A-38D2-96B7-85813EE31A91} = {9823A935-A02A-38D2-96B7-85813EE31A91}
	EndProjectSection
EndProject
Project("{8BC9CEB8-8B4A-11D0-8D11-00A0C91BC942}") = "clipboard", "external\glfw-3.1.2\tests\clipboard.vcxproj", "{4519FA99-AC7C-3E8C-911E-A6B35CAB7124}"
	ProjectSection(ProjectDependencies) = postProject
		{CE2FF9AC-B9B3-3F24-A1D7-A612CF074EEC} = {CE2FF9AC-B9B3-3F24-A1D7-A612CF074EEC}
		{9823A935-A02A-38D2-96B7-85813EE31A91} = {9823A935-A02A-38D2-96B7-85813EE31A91}
	EndProjectSection
EndProject
Project("{8BC9CEB8-8B4A-11D0-8D11-00A0C91BC942}") = "cursor", "external\glfw-3.1.2\tests\cursor.vcxproj", "{50636321-1FCE-3AEA-9D13-A16DE037EDA1}"
	ProjectSection(ProjectDependencies) = postProject
		{CE2FF9AC-B9B3-3F24-A1D7-A612CF074EEC} = {CE2FF9AC-B9B3-3F24-A1D7-A612CF074EEC}
		{9823A935-A02A-38D2-96B7-85813EE31A91} = {9823A935-A02A-38D2-96B7-85813EE31A91}
	EndProjectSection
EndProject
Project("{8BC9CEB8-8B4A-11D0-8D11-00A0C91BC942}") = "empty", "external\glfw-3.1.2\tests\empty.vcxproj", "{A98EBBE9-CE1F-32B6-B264-DFCE63185ECA}"
	ProjectSection(ProjectDependencies) = postProject
		{CE2FF9AC-B9B3-3F24-A1D7-A612CF074EEC} = {CE2FF9AC-B9B3-3F24-A1D7-A612CF074EEC}
		{9823A935-A02A-38D2-96B7-85813EE31A91} = {9823A935-A02A-38D2-96B7-85813EE31A91}
	EndProjectSection
EndProject
Project("{8BC9CEB8-8B4A-11D0-8D11-00A0C91BC942}") = "events", "external\glfw-3.1.2\tests\events.vcxproj", "{BE295DD9-28C1-3EB8-BC32-5EDC62C267F1}"
	ProjectSection(ProjectDependencies) = postProject
		{CE2FF9AC-B9B3-3F24-A1D7-A612CF074EEC} = {CE2FF9AC-B9B3-3F24-A1D7-A612CF074EEC}
		{9823A935-A02A-38D2-96B7-85813EE31A91} = {9823A935-A02A-38D2-96B7-85813EE31A91}
	EndProjectSection
EndProject
Project("{8BC9CEB8-8B4A-11D0-8D11-00A0C91BC942}") = "gamma", "external\glfw-3.1.2\tests\gamma.vcxproj", "{20CC9C5A-20D4-3F43-98D2-80EAE98D89CB}"
	ProjectSection(ProjectDependencies) = postProject
		{CE2FF9AC-B9B3-3F24-A1D7-A612CF074EEC} = {CE2FF9AC-B9B3-3F24-A1D7-A612CF074EEC}
		{9823A935-A02A-38D2-96B7-85813EE31A91} = {9823A935-A02A-38D2-96B7-85813EE31A91}
	EndProjectSection
EndProject
Project("{8BC9CEB8-8B4A-11D0-8D11-00A0C91BC942}") = "gears", "external\glfw-3.1.2\examples\gears.vcxproj", "{BFBACF4A-BA6E-3660-9281-5603168EE721}"
	ProjectSection(ProjectDependencies) = postProject
		{CE2FF9AC-B9B3-3F24-A1D7-A612CF074EEC} = {CE2FF9AC-B9B3-3F24-A1D7-A612CF074EEC}
		{9823A935-A02A-38D2-96B7-85813EE31A91} = {9823A935-A02A-38D2-96B7-85813EE31A91}
	EndProjectSection
EndProject
Project("{8BC9CEB8-8B4A-11D0-8D11-00A0C91BC942}") = "glfw", "external\glfw-3.1.2\src\glfw.vcxproj", "{9823A935-A02A-38D2-96B7-85813EE31A91}"
	ProjectSection(ProjectDependencies) = postProject
		{CE2FF9AC-B9B3-3F24-A1D7-A612CF074EEC} = {CE2FF9AC-B9B3-3F24-A1D7-A612CF074EEC}
	EndProjectSection
EndProject
Project("{8BC9CEB8-8B4A-11D0-8D11-00A0C91BC942}") = "glfwinfo", "external\glfw-3.1.2\tests\glfwinfo.vcxproj", "{3A94CCB7-A277-379C-8BB8-AF8871C30138}"
	ProjectSection(ProjectDependencies) = postProject
		{CE2FF9AC-B9B3-3F24-A1D7-A612CF074EEC} = {CE2FF9AC-B9B3-3F24-A1D7-A612CF074EEC}
		{9823A935-A02A-38D2-96B7-85813EE31A91} = {9823A935-A02A-38D2-96B7-85813EE31A91}
	EndProjectSection
EndProject
Project("{8BC9CEB8-8B4A-11D0-8D11-00A0C91BC942}") = "heightmap", "external\glfw-3.1.2\examples\heightmap.vcxproj", "{752EA382-D879-3AAE-909B-4FEB85CE610E}"
	ProjectSection(ProjectDependencies) = postProject
		{CE2FF9AC-B9B3-3F24-A1D7-A612CF074EEC} = {CE2FF9AC-B9B3-3F24-A1D7-A612CF074EEC}
		{9823A935-A02A-38D2-96B7-85813EE31A91} = {9823A935-A02A-38D2-96B7-85813EE31A91}
	EndProjectSection
EndProject
Project("{8BC9CEB8-8B4A-11D0-8D11-00A0C91BC942}") = "iconify", "external\glfw-3.1.2\tests\iconify.vcxproj", "{F2111EEC-9159-3C8C-AF34-1F62FADD42C1}"
	ProjectSection(ProjectDependencies) = postProject
		{CE2FF9AC-B9B3-3F24-A1D7-A612CF074EEC} = {CE2FF9AC-B9B3-3F24-A1D7-A612CF074EEC}
		{9823A935-A02A-38D2-96B7-85813EE31A91} = {9823A935-A02A-38D2-96B7-85813EE31A91}
	EndProjectSection
EndProject
Project("{8BC9CEB8-8B4A-11D0-8D11-00A0C91BC942}") = "joysticks", "external\glfw-3.1.2\tests\joysticks.vcxproj", "{B52EDD01-06E6-3ACB-B595-E33290F6A33D}"
	ProjectSection(ProjectDependencies) = postProject
		{CE2FF9AC-B9B3-3F24-A1D7-A612CF074EEC} = {CE2FF9AC-B9B3-3F24-A1D7-A612CF074EEC}
		{9823A935-A02A-38D2-96B7-85813EE31A91} = {9823A935-A02A-38D2-96B7-85813EE31A91}
	EndProjectSection
EndProject
Project("{8BC9CEB8-8B4A-11D0-8D11-00A0C91BC942}") = "misc05_picking_BulletPhysics", "misc05_picking_BulletPhysics.vcxproj", "{11089380-A691-34E8-8F27-17B670C14447}"
	ProjectSection(ProjectDependencies) = postProject
		{8D75C045-7790-3C3B-9675-7A875DA7E3E0} = {8D75C045-7790-3C3B-9675-7A875DA7E3E0}
		{CFE0CED9-44A3-3B94-917F-BE4654B0E398} = {CFE0CED9-44A3-3B94-917F-BE4654B0E398}
		{689BAAB5-59ED-3F5D-A133-06EB3688A830} = {689BAAB5-59ED-3F5D-A133-06EB3688A830}
		{DBED452D-C74F-32C6-92C5-094D591645BB} = {DBED452D-C74F-32C6-92C5-094D591645BB}
		{085D9664-5E07-3B1F-8CFB-FE28AFE18A19} = {085D9664-5E07-3B1F-8CFB-FE28AFE18A19}
		{CE2FF9AC-B9B3-3F24-A1D7-A612CF074EEC} = {CE2FF9AC-B9B3-3F24-A1D7-A612CF074EEC}
		{9823A935-A02A-38D2-96B7-85813EE31A91} = {9823A935-A02A-38D2-96B7-85813EE31A91}
	EndProjectSection
EndProject
Project("{8BC9CEB8-8B4A-11D0-8D11-00A0C91BC942}") = "misc05_picking_custom", "misc05_picking_custom.vcxproj", "{3C85A81E-B84E-323C-80C7-4B5B68EF9463}"
	ProjectSection(ProjectDependencies) = postProject
		{8D75C045-7790-3C3B-9675-7A875DA7E3E0} = {8D75C045-7790-3C3B-9675-7A875DA7E3E0}
		{DBED452D-C74F-32C6-92C5-094D591645BB} = {DBED452D-C74F-32C6-92C5-094D591645BB}
		{CE2FF9AC-B9B3-3F24-A1D7-A612CF074EEC} = {CE2FF9AC-B9B3-3F24-A1D7-A612CF074EEC}
		{9823A935-A02A-38D2-96B7-85813EE31A91} = {9823A935-A02A-38D2-96B7-85813EE31A91}
	EndProjectSection
EndProject
Project("{8BC9CEB8-8B4A-11D0-8D11-00A0C91BC942}") = "misc05_picking_slow_easy", "misc05_picking_slow_easy.vcxproj", "{B0E7DCD3-B25C-356E-84AE-62A36B1E5934}"
	ProjectSection(ProjectDependencies) = postProject
		{8D75C045-7790-3C3B-9675-7A875DA7E3E0} = {8D75C045-7790-3C3B-9675-7A875DA7E3E0}
		{DBED452D-C74F-32C6-92C5-094D591645BB} = {DBED452D-C74F-32C6-92C5-094D591645BB}
		{CE2FF9AC-B9B3-3F24-A1D7-A612CF074EEC} = {CE2FF9AC-B9B3-3F24-A1D7-A612CF074EEC}
		{9823A935-A02A-38D2-96B7-85813EE31A91} = {9823A935-A02A-38D2-96B7-85813EE31A91}
	EndProjectSection
EndProject
Project("{8BC9CEB8-8B4A-11D0-8D11-00A0C91BC942}") = "monitors", "external\glfw-3.1.2\tests\monitors.vcxproj", "{95CBF036-022B-370C-8689-D7C7229D14D1}"
	ProjectSection(ProjectDependencies) = postProject
		{CE2FF9AC-B9B3-3F24-A1D7-A612CF074EEC} = {CE2FF9AC-B9B3-3F24-A1D7-A612CF074EEC}
		{9823A935-A02A-38D2-96B7-85813EE31A91} = {9823A935-A02A-38D2-96B7-85813EE31A91}
	EndProjectSection
EndProject
Project("{8BC9CEB8-8B4A-11D0-8D11-00A0C91BC942}") = "msaa", "external\glfw-3.1.2\tests\msaa.vcxproj", "{5980DCCC-C9AF-3AA5-94C1-4A3A13E2B587}"
	ProjectSection(ProjectDependencies) = postProject
		{CE2FF9AC-B9B3-3F24-A1D7-A612CF074EEC} = {CE2FF9AC-B9B3-3F24-A1D7-A612CF074EEC}
		{9823A935-A02A-38D2-96B7-85813EE31A91} = {9823A935-A02A-38D2-96B7-85813EE31A91}
	EndProjectSection
EndProject
Project("{8BC9CEB8-8B4A-11D0-8D11-00A0C91BC942}") = "particles", "external\glfw-3.1.2\examples\particles.vcxproj", "{319E4176-9524-31D7-8E64-4535E4E1979E}"
	ProjectSection(ProjectDependencies) = postProject
		{CE2FF9AC-B9B3-3F24-A1D7-A612CF074EEC} = {CE2FF9AC-B9B3-3F24-A1D7-A612CF074EEC}
		{9823A935-A02A-38D2-96B7-85813EE31A91} = {9823A935-A02A-38D2-96B7-85813EE31A91}
	EndProjectSection
EndProject
Project("{8BC9CEB8-8B4A-11D0-8D11-00A0C91BC942}") = "playground", "playground.vcxproj", "{E594BE0D-FD1A-35F5-90AE-67C1C86415A9}"
	ProjectSection(ProjectDependencies) = postProject
		{DBED452D-C74F-32C6-92C5-094D591645BB} = {DBED452D-C74F-32C6-92C5-094D591645BB}
		{CE2FF9AC-B9B3-3F24-A1D7-A612CF074EEC} = {CE2FF9AC-B9B3-3F24-A1D7-A612CF074EEC}
		{9823A935-A02A-38D2-96B7-85813EE31A91} = {9823A935-A02A-38D2-96B7-85813EE31A91}
	EndProjectSection
EndProject
Project("{8BC9CEB8-8B4A-11D0-8D11-00A0C91BC942}") = "reopen", "external\glfw-3.1.2\tests\reopen.vcxproj", "{0ACB5119-C59F-3A8E-B960-77189B3639C4}"
	ProjectSection(ProjectDependencies) = postProject
		{CE2FF9AC-B9B3-3F24-A1D7-A612CF074EEC} = {CE2FF9AC-B9B3-3F24-A1D7-A612CF074EEC}
		{9823A935-A02A-38D2-96B7-85813EE31A91} = {9823A935-A02A-38D2-96B7-85813EE31A91}
	EndProjectSection
EndProject
Project("{8BC9CEB8-8B4A-11D0-8D11-00A0C91BC942}") = "sharing", "external\glfw-3.1.2\tests\sharing.vcxproj", "{9CFF22AA-F117-3082-91B0-13DD31EF88FD}"
	ProjectSection(ProjectDependencies) = postProject
		{CE2FF9AC-B9B3-3F24-A1D7-A612CF074EEC} = {CE2FF9AC-B9B3-3F24-A1D7-A612CF074EEC}
		{9823A935-A02A-38D2-96B7-85813EE31A91} = {9823A935-A02A-38D2-96B7-85813EE31A91}
	EndProjectSection
EndProject
Project("{8BC9CEB8-8B4A-11D0-8D11-00A0C91BC942}") = "simple", "external\glfw-3.1.2\examples\simple.vcxproj", "{572C7116-71CA-38D6-8312-27F102864C2F}"
	ProjectSection(ProjectDependencies) = postProject
		{CE2FF9AC-B9B3-3F24-A1D7-A612CF074EEC} = {CE2FF9AC-B9B3-3F24-A1D7-A612CF074EEC}
		{9823A935-A02A-38D2-96B7-85813EE31A91} = {9823A935-A02A-38D2-96B7-85813EE31A91}
	EndProjectSection
EndProject
Project("{8BC9CEB8-8B4A-11D0-8D11-00A0C91BC942}") = "splitview", "external\glfw-3.1.2\examples\splitview.vcxproj", "{1B395BC2-8A05-3F7B-9376-DD91A13728FC}"
	ProjectSection(ProjectDependencies) = postProject
		{CE2FF9AC-B9B3-3F24-A1D7-A612CF074EEC} = {CE2FF9AC-B9B3-3F24-A1D7-A612CF074EEC}
		{9823A935-A02A-38D2-96B7-85813EE31A91} = {9823A935-A02A-38D2-96B7-85813EE31A91}
	EndProjectSection
EndProject
Project("{8BC9CEB8-8B4A-11D0-8D11-00A0C91BC942}") = "tearing", "external\glfw-3.1.2\tests\tearing.vcxproj", "{8304E889-52DB-36D3-9C93-1B50E7EF31B2}"
	ProjectSection(ProjectDependencies) = postProject
		{CE2FF9AC-B9B3-3F24-A1D7-A612CF074EEC} = {CE2FF9AC-B9B3-3F24-A1D7-A612CF074EEC}
		{9823A935-A02A-38D2-96B7-85813EE31A91} = {9823A935-A02A-38D2-96B7-85813EE31A91}
	EndProjectSection
EndProject
Project("{8BC9CEB8-8B4A-11D0-8D11-00A0C91BC942}") = "threads", "external\glfw-3.1.2\tests\threads.vcxproj", "{9ED8A001-5503-3FF0-9783-08E9AB511E59}"
	ProjectSection(ProjectDependencies) = postProject
		{CE2FF9AC-B9B3-3F24-A1D7-A612CF074EEC} = {CE2FF9AC-B9B3-3F24-A1D7-A612CF074EEC}
		{9823A935-A02A-38D2-96B7-85813EE31A91} = {9823A935-A02A-38D2-96B7-85813EE31A91}
	EndProjectSection
EndProject
Project("{8BC9CEB8-8B4A-11D0-8D11-00A0C91BC942}") = "title", "external\glfw-3.1.2\tests\title.vcxproj", "{5AC70D53-CA04-3EA9-BE29-8E188AB94B75}"
	ProjectSection(ProjectDependencies) = postProject
		{CE2FF9AC-B9B3-3F24-A1D7-A612CF074EEC} = {CE2FF9AC-B9B3-3F24-A1D7-A612CF074EEC}
		{9823A935-A02A-38D2-96B7-85813EE31A91} = {9823A935-A02A-38D2-96B7-85813EE31A91}
	EndProjectSection
EndProject
Project("{8BC9CEB8-8B4A-11D0-8D11-00A0C91BC942}") = "tutorial01_first_window", "tutorial01_first_window.vcxproj", "{7ABB3AD1-C445-3B0F-B197-1FE4F242E399}"
	ProjectSection(ProjectDependencies) = postProject
		{DBED452D-C74F-32C6-92C5-094D591645BB} = {DBED452D-C74F-32C6-92C5-094D591645BB}
		{CE2FF9AC-B9B3-3F24-A1D7-A612CF074EEC} = {CE2FF9AC-B9B3-3F24-A1D7-A612CF074EEC}
		{9823A935-A02A-38D2-96B7-85813EE31A91} = {9823A935-A02A-38D2-96B7-85813EE31A91}
	EndProjectSection
EndProject
Project("{8BC9CEB8-8B4A-11D0-8D11-00A0C91BC942}") = "tutorial02_red_triangle", "tutorial02_red_triangle.vcxproj", "{02133CC8-B61E-3A1F-8A79-F2BDAD9995E1}"
	ProjectSection(ProjectDependencies) = postProject
		{DBED452D-C74F-32C6-92C5-094D591645BB} = {DBED452D-C74F-32C6-92C5-094D591645BB}
		{CE2FF9AC-B9B3-3F24-A1D7-A612CF074EEC} = {CE2FF9AC-B9B3-3F24-A1D7-A612CF074EEC}
		{9823A935-A02A-38D2-96B7-85813EE31A91} = {9823A935-A02A-38D2-96B7-85813EE31A91}
	EndProjectSection
EndProject
Project("{8BC9CEB8-8B4A-11D0-8D11-00A0C91BC942}") = "tutorial03_matrices", "tutorial03_matrices.vcxproj", "{3E6918C7-DA62-342C-8081-82C7ED7277D5}"
	ProjectSection(ProjectDependencies) = postProject
		{DBED452D-C74F-32C6-92C5-094D591645BB} = {DBED452D-C74F-32C6-92C5-094D591645BB}
		{CE2FF9AC-B9B3-3F24-A1D7-A612CF074EEC} = {CE2FF9AC-B9B3-3F24-A1D7-A612CF074EEC}
		{9823A935-A02A-38D2-96B7-85813EE31A91} = {9823A935-A02A-38D2-96B7-85813EE31A91}
	EndProjectSection
EndProject
Project("{8BC9CEB8-8B4A-11D0-8D11-00A0C91BC942}") = "tutorial04_colored_cube", "tutorial04_colored_cube.vcxproj", "{E715A50C-A489-3E00-BF64-9C099E4B7381}"
	ProjectSection(ProjectDependencies) = postProject
		{DBED452D-C74F-32C6-92C5-094D591645BB} = {DBED452D-C74F-32C6-92C5-094D591645BB}
		{CE2FF9AC-B9B3-3F24-A1D7-A612CF074EEC} = {CE2FF9AC-B9B3-3F24-A1D7-A612CF074EEC}
		{9823A935-A02A-38D2-96B7-85813EE31A91} = {9823A935-A02A-38D2-96B7-85813EE31A91}
	EndProjectSection
EndProject
Project("{8BC9CEB8-8B4A-11D0-8D11-00A0C91BC942}") = "tutorial05_textured_cube", "tutorial05_textured_cube.vcxproj", "{2722B357-52BC-348B-94C7-88704713BC2E}"
	ProjectSection(ProjectDependencies) = postProject
		{DBED452D-C74F-32C6-92C5-094D591645BB} = {DBED452D-C74F-32C6-92C5-094D591645BB}
		{CE2FF9AC-B9B3-3F24-A1D7-A612CF074EEC} = {CE2FF9AC-B9B3-3F24-A1D7-A612CF074EEC}
		{9823A935-A02A-38D2-96B7-85813EE31A91} = {9823A935-A02A-38D2-96B7-85813EE31A91}
	EndProjectSection
EndProject
Project("{8BC9CEB8-8B4A-11D0-8D11-00A0C91BC942}") = "tutorial06_keyboard_and_mouse", "tutorial06_keyboard_and_mouse.vcxproj", "{EA558912-375E-3924-A689-23B9BA9E1154}"
	ProjectSection(ProjectDependencies) = postProject
		{DBED452D-C74F-32C6-92C5-094D591645BB} = {DBED452D-C74F-32C6-92C5-094D591645BB}
		{CE2FF9AC-B9B3-3F24-A1D7-A612CF074EEC} = {CE2FF9AC-B9B3-3F24-A1D7-A612CF074EEC}
		{9823A935-A02A-38D2-96B7-85813EE31A91} = {9823A935-A02A-38D2-96B7-85813EE31A91}
	EndProjectSection
EndProject
Project("{8BC9CEB8-8B4A-11D0-8D11-00A0C91BC942}") = "tutorial07_model_loading", "tutorial07_model_loading.vcxproj", "{E0E2B93B-966C-3672-B83F-E49D4236C4B3}"
	ProjectSection(ProjectDependencies) = postProject
		{DBED452D-C74F-32C6-92C5-094D591645BB} = {DBED452D-C74F-32C6-92C5-094D591645BB}
		{CE2FF9AC-B9B3-3F24-A1D7-A612CF074EEC} = {CE2FF9AC-B9B3-3F24-A1D7-A612CF074EEC}
		{9823A935-A02A-38D2-96B7-85813EE31A91} = {9823A935-A02A-38D2-96B7-85813EE31A91}
	EndProjectSection
EndProject
Project("{8BC9CEB8-8B4A-11D0-8D11-00A0C91BC942}") = "tutorial08_basic_shading", "tutorial08_basic_shading.vcxproj", "{5FDF0397-7EAE-3548-989B-CFA6331C4F9D}"
	ProjectSection(ProjectDependencies) = postProject
		{DBED452D-C74F-32C6-92C5-094D591645BB} = {DBED452D-C74F-32C6-92C5-094D591645BB}
		{CE2FF9AC-B9B3-3F24-A1D7-A612CF074EEC} = {CE2FF9AC-B9B3-3F24-A1D7-A612CF074EEC}
		{9823A935-A02A-38D2-96B7-85813EE31A91} = {9823A935-A02A-38D2-96B7-85813EE31A91}
	EndProjectSection
EndProject
Project("{8BC9CEB8-8B4A-11D0-8D11-00A0C91BC942}") = "tutorial09_AssImp", "tutorial09_AssImp.vcxproj", "{5C11B492-DF1B-34E2-B3C7-38C3A0D98547}"
	ProjectSection(ProjectDependencies) = postProject
		{DBED452D-C74F-32C6-92C5-094D591645BB} = {DBED452D-C74F-32C6-92C5-094D591645BB}
		{CE2FF9AC-B9B3-3F24-A1D7-A612CF074EEC} = {CE2FF9AC-B9B3-3F24-A1D7-A612CF074EEC}
		{990A098A-B3E4-365D-BB15-8396BE0384E4} = {990A098A-B3E4-365D-BB15-8396BE0384E4}
		{9823A935-A02A-38D2-96B7-85813EE31A91} = {9823A935-A02A-38D2-96B7-85813EE31A91}
		{6D32932F-1B39-3FF5-A889-BB480E8CDCA9} = {6D32932F-1B39-3FF5-A889-BB480E8CDCA9}
	EndProjectSection
EndProject
Project("{8BC9CEB8-8B4A-11D0-8D11-00A0C91BC942}") = "tutorial09_several_objects", "tutorial09_several_objects.vcxproj", "{6F2D0C61-DDAA-3D85-B20B-E828B9B855D0}"
	ProjectSection(ProjectDependencies) = postProject
		{DBED452D-C74F-32C6-92C5-094D591645BB} = {DBED452D-C74F-32C6-92C5-094D591645BB}
		{CE2FF9AC-B9B3-3F24-A1D7-A612CF074EEC} = {CE2FF9AC-B9B3-3F24-A1D7-A612CF074EEC}
		{9823A935-A02A-38D2-96B7-85813EE31A91} = {9823A935-A02A-38D2-96B7-85813EE31A91}
	EndProjectSection
EndProject
Project("{8BC9CEB8-8B4A-11D0-8D11-00A0C91BC942}") = "tutorial09_vbo_indexing", "tutorial09_vbo_indexing.vcxproj", "{02C56750-5096-3117-9AC1-C3A4B0746A11}"
	ProjectSection(ProjectDependencies) = postProject
		{DBED452D-C74F-32C6-92C5-094D591645BB} = {DBED452D-C74F-32C6-92C5-094D591645BB}
		{CE2FF9AC-B9B3-3F24-A1D7-A612CF074EEC} = {CE2FF9AC-B9B3-3F24-A1D7-A612CF074EEC}
		{9823A935-A02A-38D2-96B7-85813EE31A91} = {9823A935-A02A-38D2-96B7-85813EE31A91}
	EndProjectSection
EndProject
Project("{8BC9CEB8-8B4A-11D0-8D11-00A0C91BC942}") = "tutorial10_transparency", "tutorial10_transparency.vcxproj", "{FF72FB65-CE0C-31BB-B309-D33EC99EBBF7}"
	ProjectSection(ProjectDependencies) = postProject
		{DBED452D-C74F-32C6-92C5-094D591645BB} = {DBED452D-C74F-32C6-92C5-094D591645BB}
		{CE2FF9AC-B9B3-3F24-A1D7-A612CF074EEC} = {CE2FF9AC-B9B3-3F24-A1D7-A612CF074EEC}
		{9823A935-A02A-38D2-96B7-85813EE31A91} = {9823A935-A02A-38D2-96B7-85813EE31A91}
	EndProjectSection
EndProject
Project("{8BC9CEB8-8B4A-11D0-8D11-00A0C91BC942}") = "tutorial11_2d_fonts", "tutorial11_2d_fonts.vcxproj", "{03437562-F784-3DD0-8759-FB47ADE9B847}"
	ProjectSection(ProjectDependencies) = postProject
		{DBED452D-C74F-32C6-92C5-094D591645BB} = {DBED452D-C74F-32C6-92C5-094D591645BB}
		{CE2FF9AC-B9B3-3F24-A1D7-A612CF074EEC} = {CE2FF9AC-B9B3-3F24-A1D7-A612CF074EEC}
		{9823A935-A02A-38D2-96B7-85813EE31A91} = {9823A935-A02A-38D2-96B7-85813EE31A91}
	EndProjectSection
EndProject
Project("{8BC9CEB8-8B4A-11D0-8D11-00A0C91BC942}") = "tutorial12_extensions", "tutorial12_extensions.vcxproj", "{954A227C-829B-3B1D-8A79-F8F1EA1E8DEB}"
	ProjectSection(ProjectDependencies) = postProject
		{DBED452D-C74F-32C6-92C5-094D591645BB} = {DBED452D-C74F-32C6-92C5-094D591645BB}
		{CE2FF9AC-B9B3-3F24-A1D7-A612CF074EEC} = {CE2FF9AC-B9B3-3F24-A1D7-A612CF074EEC}
		{9823A935-A02A-38D2-96B7-85813EE31A91} = {9823A935-A02A-38D2-96B7-85813EE31A91}
	EndProjectSection
EndProject
Project("{8BC9CEB8-8B4A-11D0-8D11-00A0C91BC942}") = "tutorial13_normal_mapping", "tutorial13_normal_mapping.vcxproj", "{5A03B6BB-466A-3188-BAB9-5CBCF2664142}"
	ProjectSection(ProjectDependencies) = postProject
		{DBED452D-C74F-32C6-92C5-094D591645BB} = {DBED452D-C74F-32C6-92C5-094D591645BB}
		{CE2FF9AC-B9B3-3F24-A1D7-A612CF074EEC} = {CE2FF9AC-B9B3-3F24-A1D7-A612CF074EEC}
		{9823A935-A02A-38D2-96B7-85813EE31A91} = {9823A935-A02A-38D2-96B7-85813EE31A91}
	EndProjectSection
EndProject
Project("{8BC9CEB8-8B4A-11D0-8D11-00A0C91BC942}") = "tutorial14_render_to_texture", "tutorial14_render_to_texture.vcxproj", "{510ACD31-76F5-3085-BE37-A3A0941CCA88}"
	ProjectSection(ProjectDependencies) = postProject
		{DBED452D-C74F-32C6-92C5-094D591645BB} = {DBED452D-C74F-32C6-92C5-094D591645BB}
		{CE2FF9AC-B9B3-3F24-A1D7-A612CF074EEC} = {CE2FF9AC-B9B3-3F24-A1D7-A612CF074EEC}
		{9823A935-A02A-38D2-96B7-85813EE31A91} = {9823A935-A02A-38D2-96B7-85813EE31A91}
	EndProjectSection
EndProject
Project("{8BC9CEB8-8B4A-11D0-8D11-00A0C91BC942}") = "tutorial15_lightmaps", "tutorial15_lightmaps.vcxproj", "{DAFC6893-4B40-3CCD-BE19-F39CB2F4FEE3}"
	ProjectSection(ProjectDependencies) = postProject
		{DBED452D-C74F-32C6-92C5-094D591645BB} = {DBED452D-C74F-32C6-92C5-094D591645BB}
		{CE2FF9AC-B9B3-3F24-A1D7-A612CF074EEC} = {CE2FF9AC-B9B3-3F24-A1D7-A612CF074EEC}
		{9823A935-A02A-38D2-96B7-85813EE31A91} = {9823A935-A02A-38D2-96B7-85813EE31A91}
	EndProjectSection
EndProject
Project("{8BC9CEB8-8B4A-11D0-8D11-00A0C91BC942}") = "tutorial16_shadowmaps", "tutorial16_shadowmaps.vcxproj", "{1F9BE9DE-81F0-3CAC-8BC3-E527AF9D0C1E}"
	ProjectSection(ProjectDependencies) = postProject
		{DBED452D-C74F-32C6-92C5-094D591645BB} = {DBED452D-C74F-32C6-92C5-094D591645BB}
		{CE2FF9AC-B9B3-3F24-A1D7-A612CF074EEC} = {CE2FF9AC-B9B3-3F24-A1D7-A612CF074EEC}
		{9823A935-A02A-38D2-96B7-85813EE31A91} = {9823A935-A02A-38D2-96B7-85813EE31A91}
	EndProjectSection
EndProject
Project("{8BC9CEB8-8B4A-11D0-8D11-00A0C91BC942}") = "tutorial16_shadowmaps_simple", "tutorial16_shadowmaps_simple.vcxproj", "{68A20E9D-3C68-30DB-97B3-08D8E19E9946}"
	ProjectSection(ProjectDependencies) = postProject
		{DBED452D-C74F-32C6-92C5-094D591645BB} = {DBED452D-C74F-32C6-92C5-094D591645BB}
		{CE2FF9AC-B9B3-3F24-A1D7-A612CF074EEC} = {CE2FF9AC-B9B3-3F24-A1D7-A612CF074EEC}
		{9823A935-A02A-38D2-96B7-85813EE31A91} = {9823A935-A02A-38D2-96B7-85813EE31A91}
	EndProjectSection
EndProject
Project("{8BC9CEB8-8B4A-11D0-8D11-00A0C91BC942}") = "tutorial17_rotations", "tutorial17_rotations.vcxproj", "{180B5B3D-1AAA-340E-BB94-4435CE8BBDAB}"
	ProjectSection(ProjectDependencies) = postProject
		{8D75C045-7790-3C3B-9675-7A875DA7E3E0} = {8D75C045-7790-3C3B-9675-7A875DA7E3E0}
		{DBED452D-C74F-32C6-92C5-094D591645BB} = {DBED452D-C74F-32C6-92C5-094D591645BB}
		{CE2FF9AC-B9B3-3F24-A1D7-A612CF074EEC} = {CE2FF9AC-B9B3-3F24-A1D7-A612CF074EEC}
		{9823A935-A02A-38D2-96B7-85813EE31A91} = {9823A935-A02A-38D2-96B7-85813EE31A91}
	EndProjectSection
EndProject
Project("{8BC9CEB8-8B4A-11D0-8D11-00A0C91BC942}") = "tutorial18_billboards", "tutorial18_billboards.vcxproj", "{A2DF91FF-DCA8-3205-B6C8-961617A4B102}"
	ProjectSection(ProjectDependencies) = postProject
		{DBED452D-C74F-32C6-92C5-094D591645BB} = {DBED452D-C74F-32C6-92C5-094D591645BB}
		{CE2FF9AC-B9B3-3F24-A1D7-A612CF074EEC} = {CE2FF9AC-B9B3-3F24-A1D7-A612CF074EEC}
		{9823A935-A02A-38D2-96B7-85813EE31A91} = {9823A935-A02A-38D2-96B7-85813EE31A91}
	EndProjectSection
EndProject
Project("{8BC9CEB8-8B4A-11D0-8D11-00A0C91BC942}") = "tutorial18_particles", "tutorial18_particles.vcxproj", "{AC0AE41C-8D59-3A84-93C7-A6D67AD84461}"
	ProjectSection(ProjectDependencies) = postProject
		{DBED452D-C74F-32C6-92C5-094D591645BB} = {DBED452D-C74F-32C6-92C5-094D591645BB}
		{CE2FF9AC-B9B3-3F24-A1D7-A612CF074EEC} = {CE2FF9AC-B9B3-3F24-A1D7-A612CF074EEC}
		{9823A935-A02A-38D2-96B7-85813EE31A91} = {9823A935-A02A-38D2-96B7-85813EE31A91}
	EndProjectSection
EndProject
Project("{8BC9CEB8-8B4A-11D0-8D11-00A0C91BC942}") = "uninstall", "external\glfw-3.1.2\uninstall.vcxproj", "{39BF5AD8-3947-3EF2-8B44-0ACB02647A3A}"
	ProjectSection(ProjectDependencies) = postProject
		{CE2FF9AC-B9B3-3F24-A1D7-A612CF074EEC} = {CE2FF9AC-B9B3-3F24-A1D7-A612CF074EEC}
	EndProjectSection
EndProject
Project("{8BC9CEB8-8B4A-11D0-8D11-00A0C91BC942}") = "wave", "external\glfw-3.1.2\examples\wave.vcxproj", "{8A5E349D-CDD1-38BC-8FC5-D887B0E62323}"
	ProjectSection(ProjectDependencies) = postProject
		{CE2FF9AC-B9B3-3F24-A1D7-A612CF074EEC} = {CE2FF9AC-B9B3-3F24-A1D7-A612CF074EEC}
		{9823A935-A02A-38D2-96B7-85813EE31A91} = {9823A935-A02A-38D2-96B7-85813EE31A91}
	EndProjectSection
EndProject
Project("{8BC9CEB8-8B4A-11D0-8D11-00A0C91BC942}") = "windows", "external\glfw-3.1.2\tests\windows.vcxproj", "{43155B68-D32C-3871-9970-214BB43F91CD}"
	ProjectSection(ProjectDependencies) = postProject
		{CE2FF9AC-B9B3-3F24-A1D7-A612CF074EEC} = {CE2FF9AC-B9B3-3F24-A1D7-A612CF074EEC}
		{9823A935-A02A-38D2-96B7-85813EE31A91} = {9823A935-A02A-38D2-96B7-85813EE31A91}
	EndProjectSection
EndProject
Project("{8BC9CEB8-8B4A-11D0-8D11-00A0C91BC942}") = "zlib", "external\assimp-3.0.1270\contrib\zlib\zlib.vcxproj", "{6D32932F-1B39-3FF5-A889-BB480E8CDCA9}"
	ProjectSection(ProjectDependencies) = postProject
		{CE2FF9AC-B9B3-3F24-A1D7-A612CF074EEC} = {CE2FF9AC-B9B3-3F24-A1D7-A612CF074EEC}
	EndProjectSection
EndProject
Global
	GlobalSection(SolutionConfigurationPlatforms) = preSolution
		Debug|x64 = Debug|x64
		Release|x64 = Release|x64
		MinSizeRel|x64 = MinSizeRel|x64
		RelWithDebInfo|x64 = RelWithDebInfo|x64
	EndGlobalSection
	GlobalSection(ProjectConfigurationPlatforms) = postSolution
		{666F4AA9-C77B-3EF2-8A67-090AEECE3786}.Debug|x64.ActiveCfg = Debug|x64
		{666F4AA9-C77B-3EF2-8A67-090AEECE3786}.Debug|x64.Build.0 = Debug|x64
		{666F4AA9-C77B-3EF2-8A67-090AEECE3786}.Release|x64.ActiveCfg = Release|x64
		{666F4AA9-C77B-3EF2-8A67-090AEECE3786}.Release|x64.Build.0 = Release|x64
		{666F4AA9-C77B-3EF2-8A67-090AEECE3786}.MinSizeRel|x64.ActiveCfg = MinSizeRel|x64
		{666F4AA9-C77B-3EF2-8A67-090AEECE3786}.MinSizeRel|x64.Build.0 = MinSizeRel|x64
		{666F4AA9-C77B-3EF2-8A67-090AEECE3786}.RelWithDebInfo|x64.ActiveCfg = RelWithDebInfo|x64
		{666F4AA9-C77B-3EF2-8A67-090AEECE3786}.RelWithDebInfo|x64.Build.0 = RelWithDebInfo|x64
		{8D75C045-7790-3C3B-9675-7A875DA7E3E0}.Debug|x64.ActiveCfg = Debug|x64
		{8D75C045-7790-3C3B-9675-7A875DA7E3E0}.Debug|x64.Build.0 = Debug|x64
		{8D75C045-7790-3C3B-9675-7A875DA7E3E0}.Release|x64.ActiveCfg = Release|x64
		{8D75C045-7790-3C3B-9675-7A875DA7E3E0}.Release|x64.Build.0 = Release|x64
		{8D75C045-7790-3C3B-9675-7A875DA7E3E0}.MinSizeRel|x64.ActiveCfg = MinSizeRel|x64
		{8D75C045-7790-3C3B-9675-7A875DA7E3E0}.MinSizeRel|x64.Build.0 = MinSizeRel|x64
		{8D75C045-7790-3C3B-9675-7A875DA7E3E0}.RelWithDebInfo|x64.ActiveCfg = RelWithDebInfo|x64
		{8D75C045-7790-3C3B-9675-7A875DA7E3E0}.RelWithDebInfo|x64.Build.0 = RelWithDebInfo|x64
		{CFE0CED9-44A3-3B94-917F-BE4654B0E398}.Debug|x64.ActiveCfg = Debug|x64
		{CFE0CED9-44A3-3B94-917F-BE4654B0E398}.Debug|x64.Build.0 = Debug|x64
		{CFE0CED9-44A3-3B94-917F-BE4654B0E398}.Release|x64.ActiveCfg = Release|x64
		{CFE0CED9-44A3-3B94-917F-BE4654B0E398}.Release|x64.Build.0 = Release|x64
		{CFE0CED9-44A3-3B94-917F-BE4654B0E398}.MinSizeRel|x64.ActiveCfg = MinSizeRel|x64
		{CFE0CED9-44A3-3B94-917F-BE4654B0E398}.MinSizeRel|x64.Build.0 = MinSizeRel|x64
		{CFE0CED9-44A3-3B94-917F-BE4654B0E398}.RelWithDebInfo|x64.ActiveCfg = RelWithDebInfo|x64
		{CFE0CED9-44A3-3B94-917F-BE4654B0E398}.RelWithDebInfo|x64.Build.0 = RelWithDebInfo|x64
		{689BAAB5-59ED-3F5D-A133-06EB3688A830}.Debug|x64.ActiveCfg = Debug|x64
		{689BAAB5-59ED-3F5D-A133-06EB3688A830}.Debug|x64.Build.0 = Debug|x64
		{689BAAB5-59ED-3F5D-A133-06EB3688A830}.Release|x64.ActiveCfg = Release|x64
		{689BAAB5-59ED-3F5D-A133-06EB3688A830}.Release|x64.Build.0 = Release|x64
		{689BAAB5-59ED-3F5D-A133-06EB3688A830}.MinSizeRel|x64.ActiveCfg = MinSizeRel|x64
		{689BAAB5-59ED-3F5D-A133-06EB3688A830}.MinSizeRel|x64.Build.0 = MinSizeRel|x64
		{689BAAB5-59ED-3F5D-A133-06EB3688A830}.RelWithDebInfo|x64.ActiveCfg = RelWithDebInfo|x64
		{689BAAB5-59ED-3F5D-A133-06EB3688A830}.RelWithDebInfo|x64.Build.0 = RelWithDebInfo|x64
		{003B3E44-B8A6-3573-B45D-1AF26A28711B}.Debug|x64.ActiveCfg = Debug|x64
		{003B3E44-B8A6-3573-B45D-1AF26A28711B}.Debug|x64.Build.0 = Debug|x64
		{003B3E44-B8A6-3573-B45D-1AF26A28711B}.Release|x64.ActiveCfg = Release|x64
		{003B3E44-B8A6-3573-B45D-1AF26A28711B}.Release|x64.Build.0 = Release|x64
		{003B3E44-B8A6-3573-B45D-1AF26A28711B}.MinSizeRel|x64.ActiveCfg = MinSizeRel|x64
		{003B3E44-B8A6-3573-B45D-1AF26A28711B}.MinSizeRel|x64.Build.0 = MinSizeRel|x64
		{003B3E44-B8A6-3573-B45D-1AF26A28711B}.RelWithDebInfo|x64.ActiveCfg = RelWithDebInfo|x64
		{003B3E44-B8A6-3573-B45D-1AF26A28711B}.RelWithDebInfo|x64.Build.0 = RelWithDebInfo|x64
		{DBED452D-C74F-32C6-92C5-094D591645BB}.Debug|x64.ActiveCfg = Debug|x64
		{DBED452D-C74F-32C6-92C5-094D591645BB}.Debug|x64.Build.0 = Debug|x64
		{DBED452D-C74F-32C6-92C5-094D591645BB}.Release|x64.ActiveCfg = Release|x64
		{DBED452D-C74F-32C6-92C5-094D591645BB}.Release|x64.Build.0 = Release|x64
		{DBED452D-C74F-32C6-92C5-094D591645BB}.MinSizeRel|x64.ActiveCfg = MinSizeRel|x64
		{DBED452D-C74F-32C6-92C5-094D591645BB}.MinSizeRel|x64.Build.0 = MinSizeRel|x64
		{DBED452D-C74F-32C6-92C5-094D591645BB}.RelWithDebInfo|x64.ActiveCfg = RelWithDebInfo|x64
		{DBED452D-C74F-32C6-92C5-094D591645BB}.RelWithDebInfo|x64.Build.0 = RelWithDebInfo|x64
		{BE799554-D572-38CA-A2FB-8506AF5A4FB1}.Debug|x64.ActiveCfg = Debug|x64
		{BE799554-D572-38CA-A2FB-8506AF5A4FB1}.Release|x64.ActiveCfg = Release|x64
		{BE799554-D572-38CA-A2FB-8506AF5A4FB1}.MinSizeRel|x64.ActiveCfg = MinSizeRel|x64
		{BE799554-D572-38CA-A2FB-8506AF5A4FB1}.RelWithDebInfo|x64.ActiveCfg = RelWithDebInfo|x64
		{085D9664-5E07-3B1F-8CFB-FE28AFE18A19}.Debug|x64.ActiveCfg = Debug|x64
		{085D9664-5E07-3B1F-8CFB-FE28AFE18A19}.Debug|x64.Build.0 = Debug|x64
		{085D9664-5E07-3B1F-8CFB-FE28AFE18A19}.Release|x64.ActiveCfg = Release|x64
		{085D9664-5E07-3B1F-8CFB-FE28AFE18A19}.Release|x64.Build.0 = Release|x64
		{085D9664-5E07-3B1F-8CFB-FE28AFE18A19}.MinSizeRel|x64.ActiveCfg = MinSizeRel|x64
		{085D9664-5E07-3B1F-8CFB-FE28AFE18A19}.MinSizeRel|x64.Build.0 = MinSizeRel|x64
		{085D9664-5E07-3B1F-8CFB-FE28AFE18A19}.RelWithDebInfo|x64.ActiveCfg = RelWithDebInfo|x64
		{085D9664-5E07-3B1F-8CFB-FE28AFE18A19}.RelWithDebInfo|x64.Build.0 = RelWithDebInfo|x64
		{CE2FF9AC-B9B3-3F24-A1D7-A612CF074EEC}.Debug|x64.ActiveCfg = Debug|x64
		{CE2FF9AC-B9B3-3F24-A1D7-A612CF074EEC}.Debug|x64.Build.0 = Debug|x64
		{CE2FF9AC-B9B3-3F24-A1D7-A612CF074EEC}.Release|x64.ActiveCfg = Release|x64
		{CE2FF9AC-B9B3-3F24-A1D7-A612CF074EEC}.Release|x64.Build.0 = Release|x64
		{CE2FF9AC-B9B3-3F24-A1D7-A612CF074EEC}.MinSizeRel|x64.ActiveCfg = MinSizeRel|x64
		{CE2FF9AC-B9B3-3F24-A1D7-A612CF074EEC}.MinSizeRel|x64.Build.0 = MinSizeRel|x64
		{CE2FF9AC-B9B3-3F24-A1D7-A612CF074EEC}.RelWithDebInfo|x64.ActiveCfg = RelWithDebInfo|x64
		{CE2FF9AC-B9B3-3F24-A1D7-A612CF074EEC}.RelWithDebInfo|x64.Build.0 = RelWithDebInfo|x64
		{990A098A-B3E4-365D-BB15-8396BE0384E4}.Debug|x64.ActiveCfg = Debug|x64
		{990A098A-B3E4-365D-BB15-8396BE0384E4}.Debug|x64.Build.0 = Debug|x64
		{990A098A-B3E4-365D-BB15-8396BE0384E4}.Release|x64.ActiveCfg = Release|x64
		{990A098A-B3E4-365D-BB15-8396BE0384E4}.Release|x64.Build.0 = Release|x64
		{990A098A-B3E4-365D-BB15-8396BE0384E4}.MinSizeRel|x64.ActiveCfg = MinSizeRel|x64
		{990A098A-B3E4-365D-BB15-8396BE0384E4}.MinSizeRel|x64.Build.0 = MinSizeRel|x64
		{990A098A-B3E4-365D-BB15-8396BE0384E4}.RelWithDebInfo|x64.ActiveCfg = RelWithDebInfo|x64
		{990A098A-B3E4-365D-BB15-8396BE0384E4}.RelWithDebInfo|x64.Build.0 = RelWithDebInfo|x64
		{F6DAD1AE-B30E-35C1-A743-79D36595B5EC}.Debug|x64.ActiveCfg = Debug|x64
		{F6DAD1AE-B30E-35C1-A743-79D36595B5EC}.Debug|x64.Build.0 = Debug|x64
		{F6DAD1AE-B30E-35C1-A743-79D36595B5EC}.Release|x64.ActiveCfg = Release|x64
		{F6DAD1AE-B30E-35C1-A743-79D36595B5EC}.Release|x64.Build.0 = Release|x64
		{F6DAD1AE-B30E-35C1-A743-79D36595B5EC}.MinSizeRel|x64.ActiveCfg = MinSizeRel|x64
		{F6DAD1AE-B30E-35C1-A743-79D36595B5EC}.MinSizeRel|x64.Build.0 = MinSizeRel|x64
		{F6DAD1AE-B30E-35C1-A743-79D36595B5EC}.RelWithDebInfo|x64.ActiveCfg = RelWithDebInfo|x64
		{F6DAD1AE-B30E-35C1-A743-79D36595B5EC}.RelWithDebInfo|x64.Build.0 = RelWithDebInfo|x64
		{4519FA99-AC7C-3E8C-911E-A6B35CAB7124}.Debug|x64.ActiveCfg = Debug|x64
		{4519FA99-AC7C-3E8C-911E-A6B35CAB7124}.Debug|x64.Build.0 = Debug|x64
		{4519FA99-AC7C-3E8C-911E-A6B35CAB7124}.Release|x64.ActiveCfg = Release|x64
		{4519FA99-AC7C-3E8C-911E-A6B35CAB7124}.Release|x64.Build.0 = Release|x64
		{4519FA99-AC7C-3E8C-911E-A6B35CAB7124}.MinSizeRel|x64.ActiveCfg = MinSizeRel|x64
		{4519FA99-AC7C-3E8C-911E-A6B35CAB7124}.MinSizeRel|x64.Build.0 = MinSizeRel|x64
		{4519FA99-AC7C-3E8C-911E-A6B35CAB7124}.RelWithDebInfo|x64.ActiveCfg = RelWithDebInfo|x64
		{4519FA99-AC7C-3E8C-911E-A6B35CAB7124}.RelWithDebInfo|x64.Build.0 = RelWithDebInfo|x64
		{50636321-1FCE-3AEA-9D13-A16DE037EDA1}.Debug|x64.ActiveCfg = Debug|x64
		{50636321-1FCE-3AEA-9D13-A16DE037EDA1}.Debug|x64.Build.0 = Debug|x64
		{50636321-1FCE-3AEA-9D13-A16DE037EDA1}.Release|x64.ActiveCfg = Release|x64
		{50636321-1FCE-3AEA-9D13-A16DE037EDA1}.Release|x64.Build.0 = Release|x64
		{50636321-1FCE-3AEA-9D13-A16DE037EDA1}.MinSizeRel|x64.ActiveCfg = MinSizeRel|x64
		{50636321-1FCE-3AEA-9D13-A16DE037EDA1}.MinSizeRel|x64.Build.0 = MinSizeRel|x64
		{50636321-1FCE-3AEA-9D13-A16DE037EDA1}.RelWithDebInfo|x64.ActiveCfg = RelWithDebInfo|x64
		{50636321-1FCE-3AEA-9D13-A16DE037EDA1}.RelWithDebInfo|x64.Build.0 = RelWithDebInfo|x64
		{A98EBBE9-CE1F-32B6-B264-DFCE63185ECA}.Debug|x64.ActiveCfg = Debug|x64
		{A98EBBE9-CE1F-32B6-B264-DFCE63185ECA}.Debug|x64.Build.0 = Debug|x64
		{A98EBBE9-CE1F-32B6-B264-DFCE63185ECA}.Release|x64.ActiveCfg = Release|x64
		{A98EBBE9-CE1F-32B6-B264-DFCE63185ECA}.Release|x64.Build.0 = Release|x64
		{A98EBBE9-CE1F-32B6-B264-DFCE63185ECA}.MinSizeRel|x64.ActiveCfg = MinSizeRel|x64
		{A98EBBE9-CE1F-32B6-B264-DFCE63185ECA}.MinSizeRel|x64.Build.0 = MinSizeRel|x64
		{A98EBBE9-CE1F-32B6-B264-DFCE63185ECA}.RelWithDebInfo|x64.ActiveCfg = RelWithDebInfo|x64
		{A98EBBE9-CE1F-32B6-B264-DFCE63185ECA}.RelWithDebInfo|x64.Build.0 = RelWithDebInfo|x64
		{BE295DD9-28C1-3EB8-BC32-5EDC62C267F1}.Debug|x64.ActiveCfg = Debug|x64
		{BE295DD9-28C1-3EB8-BC32-5EDC62C267F1}.Debug|x64.Build.0 = Debug|x64
		{BE295DD9-28C1-3EB8-BC32-5EDC62C267F1}.Release|x64.ActiveCfg = Release|x64
		{BE295DD9-28C1-3EB8-BC32-5EDC62C267F1}.Release|x64.Build.0 = Release|x64
		{BE295DD9-28C1-3EB8-BC32-5EDC62C267F1}.MinSizeRel|x64.ActiveCfg = MinSizeRel|x64
		{BE295DD9-28C1-3EB8-BC32-5EDC62C267F1}.MinSizeRel|x64.Build.0 = MinSizeRel|x64
		{BE295DD9-28C1-3EB8-BC32-5EDC62C267F1}.RelWithDebInfo|x64.ActiveCfg = RelWithDebInfo|x64
		{BE295DD9-28C1-3EB8-BC32-5EDC62C267F1}.RelWithDebInfo|x64.Build.0 = RelWithDebInfo|x64
		{20CC9C5A-20D4-3F43-98D2-80EAE98D89CB}.Debug|x64.ActiveCfg = Debug|x64
		{20CC9C5A-20D4-3F43-98D2-80EAE98D89CB}.Debug|x64.Build.0 = Debug|x64
		{20CC9C5A-20D4-3F43-98D2-80EAE98D89CB}.Release|x64.ActiveCfg = Release|x64
		{20CC9C5A-20D4-3F43-98D2-80EAE98D89CB}.Release|x64.Build.0 = Release|x64
		{20CC9C5A-20D4-3F43-98D2-80EAE98D89CB}.MinSizeRel|x64.ActiveCfg = MinSizeRel|x64
		{20CC9C5A-20D4-3F43-98D2-80EAE98D89CB}.MinSizeRel|x64.Build.0 = MinSizeRel|x64
		{20CC9C5A-20D4-3F43-98D2-80EAE98D89CB}.RelWithDebInfo|x64.ActiveCfg = RelWithDebInfo|x64
		{20CC9C5A-20D4-3F43-98D2-80EAE98D89CB}.RelWithDebInfo|x64.Build.0 = RelWithDebInfo|x64
		{BFBACF4A-BA6E-3660-9281-5603168EE721}.Debug|x64.ActiveCfg = Debug|x64
		{BFBACF4A-BA6E-3660-9281-5603168EE721}.Debug|x64.Build.0 = Debug|x64
		{BFBACF4A-BA6E-3660-9281-5603168EE721}.Release|x64.ActiveCfg = Release|x64
		{BFBACF4A-BA6E-3660-9281-5603168EE721}.Release|x64.Build.0 = Release|x64
		{BFBACF4A-BA6E-3660-9281-5603168EE721}.MinSizeRel|x64.ActiveCfg = MinSizeRel|x64
		{BFBACF4A-BA6E-3660-9281-5603168EE721}.MinSizeRel|x64.Build.0 = MinSizeRel|x64
		{BFBACF4A-BA6E-3660-9281-5603168EE721}.RelWithDebInfo|x64.ActiveCfg = RelWithDebInfo|x64
		{BFBACF4A-BA6E-3660-9281-5603168EE721}.RelWithDebInfo|x64.Build.0 = RelWithDebInfo|x64
		{9823A935-A02A-38D2-96B7-85813EE31A91}.Debug|x64.ActiveCfg = Debug|x64
		{9823A935-A02A-38D2-96B7-85813EE31A91}.Debug|x64.Build.0 = Debug|x64
		{9823A935-A02A-38D2-96B7-85813EE31A91}.Release|x64.ActiveCfg = Release|x64
		{9823A935-A02A-38D2-96B7-85813EE31A91}.Release|x64.Build.0 = Release|x64
		{9823A935-A02A-38D2-96B7-85813EE31A91}.MinSizeRel|x64.ActiveCfg = MinSizeRel|x64
		{9823A935-A02A-38D2-96B7-85813EE31A91}.MinSizeRel|x64.Build.0 = MinSizeRel|x64
		{9823A935-A02A-38D2-96B7-85813EE31A91}.RelWithDebInfo|x64.ActiveCfg = RelWithDebInfo|x64
		{9823A935-A02A-38D2-96B7-85813EE31A91}.RelWithDebInfo|x64.Build.0 = RelWithDebInfo|x64
		{3A94CCB7-A277-379C-8BB8-AF8871C30138}.Debug|x64.ActiveCfg = Debug|x64
		{3A94CCB7-A277-379C-8BB8-AF8871C30138}.Debug|x64.Build.0 = Debug|x64
		{3A94CCB7-A277-379C-8BB8-AF8871C30138}.Release|x64.ActiveCfg = Release|x64
		{3A94CCB7-A277-379C-8BB8-AF8871C30138}.Release|x64.Build.0 = Release|x64
		{3A94CCB7-A277-379C-8BB8-AF8871C30138}.MinSizeRel|x64.ActiveCfg = MinSizeRel|x64
		{3A94CCB7-A277-379C-8BB8-AF8871C30138}.MinSizeRel|x64.Build.0 = MinSizeRel|x64
		{3A94CCB7-A277-379C-8BB8-AF8871C30138}.RelWithDebInfo|x64.ActiveCfg = RelWithDebInfo|x64
		{3A94CCB7-A277-379C-8BB8-AF8871C30138}.RelWithDebInfo|x64.Build.0 = RelWithDebInfo|x64
		{752EA382-D879-3AAE-909B-4FEB85CE610E}.Debug|x64.ActiveCfg = Debug|x64
		{752EA382-D879-3AAE-909B-4FEB85CE610E}.Debug|x64.Build.0 = Debug|x64
		{752EA382-D879-3AAE-909B-4FEB85CE610E}.Release|x64.ActiveCfg = Release|x64
		{752EA382-D879-3AAE-909B-4FEB85CE610E}.Release|x64.Build.0 = Release|x64
		{752EA382-D879-3AAE-909B-4FEB85CE610E}.MinSizeRel|x64.ActiveCfg = MinSizeRel|x64
		{752EA382-D879-3AAE-909B-4FEB85CE610E}.MinSizeRel|x64.Build.0 = MinSizeRel|x64
		{752EA382-D879-3AAE-909B-4FEB85CE610E}.RelWithDebInfo|x64.ActiveCfg = RelWithDebInfo|x64
		{752EA382-D879-3AAE-909B-4FEB85CE610E}.RelWithDebInfo|x64.Build.0 = RelWithDebInfo|x64
		{F2111EEC-9159-3C8C-AF34-1F62FADD42C1}.Debug|x64.ActiveCfg = Debug|x64
		{F2111EEC-9159-3C8C-AF34-1F62FADD42C1}.Debug|x64.Build.0 = Debug|x64
		{F2111EEC-9159-3C8C-AF34-1F62FADD42C1}.Release|x64.ActiveCfg = Release|x64
		{F2111EEC-9159-3C8C-AF34-1F62FADD42C1}.Release|x64.Build.0 = Release|x64
		{F2111EEC-9159-3C8C-AF34-1F62FADD42C1}.MinSizeRel|x64.ActiveCfg = MinSizeRel|x64
		{F2111EEC-9159-3C8C-AF34-1F62FADD42C1}.MinSizeRel|x64.Build.0 = MinSizeRel|x64
		{F2111EEC-9159-3C8C-AF34-1F62FADD42C1}.RelWithDebInfo|x64.ActiveCfg = RelWithDebInfo|x64
		{F2111EEC-9159-3C8C-AF34-1F62FADD42C1}.RelWithDebInfo|x64.Build.0 = RelWithDebInfo|x64
		{B52EDD01-06E6-3ACB-B595-E33290F6A33D}.Debug|x64.ActiveCfg = Debug|x64
		{B52EDD01-06E6-3ACB-B595-E33290F6A33D}.Debug|x64.Build.0 = Debug|x64
		{B52EDD01-06E6-3ACB-B595-E33290F6A33D}.Release|x64.ActiveCfg = Release|x64
		{B52EDD01-06E6-3ACB-B595-E33290F6A33D}.Release|x64.Build.0 = Release|x64
		{B52EDD01-06E6-3ACB-B595-E33290F6A33D}.MinSizeRel|x64.ActiveCfg = MinSizeRel|x64
		{B52EDD01-06E6-3ACB-B595-E33290F6A33D}.MinSizeRel|x64.Build.0 = MinSizeRel|x64
		{B52EDD01-06E6-3ACB-B595-E33290F6A33D}.RelWithDebInfo|x64.ActiveCfg = RelWithDebInfo|x64
		{B52EDD01-06E6-3ACB-B595-E33290F6A33D}.RelWithDebInfo|x64.Build.0 = RelWithDebInfo|x64
		{11089380-A691-34E8-8F27-17B670C14447}.Debug|x64.ActiveCfg = Debug|x64
		{11089380-A691-34E8-8F27-17B670C14447}.Debug|x64.Build.0 = Debug|x64
		{11089380-A691-34E8-8F27-17B670C14447}.Release|x64.ActiveCfg = Release|x64
		{11089380-A691-34E8-8F27-17B670C14447}.Release|x64.Build.0 = Release|x64
		{11089380-A691-34E8-8F27-17B670C14447}.MinSizeRel|x64.ActiveCfg = MinSizeRel|x64
		{11089380-A691-34E8-8F27-17B670C14447}.MinSizeRel|x64.Build.0 = MinSizeRel|x64
		{11089380-A691-34E8-8F27-17B670C14447}.RelWithDebInfo|x64.ActiveCfg = RelWithDebInfo|x64
		{11089380-A691-34E8-8F27-17B670C14447}.RelWithDebInfo|x64.Build.0 = RelWithDebInfo|x64
		{3C85A81E-B84E-323C-80C7-4B5B68EF9463}.Debug|x64.ActiveCfg = Debug|x64
		{3C85A81E-B84E-323C-80C7-4B5B68EF9463}.Debug|x64.Build.0 = Debug|x64
		{3C85A81E-B84E-323C-80C7-4B5B68EF9463}.Release|x64.ActiveCfg = Release|x64
		{3C85A81E-B84E-323C-80C7-4B5B68EF9463}.Release|x64.Build.0 = Release|x64
		{3C85A81E-B84E-323C-80C7-4B5B68EF9463}.MinSizeRel|x64.ActiveCfg = MinSizeRel|x64
		{3C85A81E-B84E-323C-80C7-4B5B68EF9463}.MinSizeRel|x64.Build.0 = MinSizeRel|x64
		{3C85A81E-B84E-323C-80C7-4B5B68EF9463}.RelWithDebInfo|x64.ActiveCfg = RelWithDebInfo|x64
		{3C85A81E-B84E-323C-80C7-4B5B68EF9463}.RelWithDebInfo|x64.Build.0 = RelWithDebInfo|x64
		{B0E7DCD3-B25C-356E-84AE-62A36B1E5934}.Debug|x64.ActiveCfg = Debug|x64
		{B0E7DCD3-B25C-356E-84AE-62A36B1E5934}.Debug|x64.Build.0 = Debug|x64
		{B0E7DCD3-B25C-356E-84AE-62A36B1E5934}.Release|x64.ActiveCfg = Release|x64
		{B0E7DCD3-B25C-356E-84AE-62A36B1E5934}.Release|x64.Build.0 = Release|x64
		{B0E7DCD3-B25C-356E-84AE-62A36B1E5934}.MinSizeRel|x64.ActiveCfg = MinSizeRel|x64
		{B0E7DCD3-B25C-356E-84AE-62A36B1E5934}.MinSizeRel|x64.Build.0 = MinSizeRel|x64
		{B0E7DCD3-B25C-356E-84AE-62A36B1E5934}.RelWithDebInfo|x64.ActiveCfg = RelWithDebInfo|x64
		{B0E7DCD3-B25C-356E-84AE-62A36B1E5934}.RelWithDebInfo|x64.Build.0 = RelWithDebInfo|x64
		{95CBF036-022B-370C-8689-D7C7229D14D1}.Debug|x64.ActiveCfg = Debug|x64
		{95CBF036-022B-370C-8689-D7C7229D14D1}.Debug|x64.Build.0 = Debug|x64
		{95CBF036-022B-370C-8689-D7C7229D14D1}.Release|x64.ActiveCfg = Release|x64
		{95CBF036-022B-370C-8689-D7C7229D14D1}.Release|x64.Build.0 = Release|x64
		{95CBF036-022B-370C-8689-D7C7229D14D1}.MinSizeRel|x64.ActiveCfg = MinSizeRel|x64
		{95CBF036-022B-370C-8689-D7C7229D14D1}.MinSizeRel|x64.Build.0 = MinSizeRel|x64
		{95CBF036-022B-370C-8689-D7C7229D14D1}.RelWithDebInfo|x64.ActiveCfg = RelWithDebInfo|x64
		{95CBF036-022B-370C-8689-D7C7229D14D1}.RelWithDebInfo|x64.Build.0 = RelWithDebInfo|x64
		{5980DCCC-C9AF-3AA5-94C1-4A3A13E2B587}.Debug|x64.ActiveCfg = Debug|x64
		{5980DCCC-C9AF-3AA5-94C1-4A3A13E2B587}.Debug|x64.Build.0 = Debug|x64
		{5980DCCC-C9AF-3AA5-94C1-4A3A13E2B587}.Release|x64.ActiveCfg = Release|x64
		{5980DCCC-C9AF-3AA5-94C1-4A3A13E2B587}.Release|x64.Build.0 = Release|x64
		{5980DCCC-C9AF-3AA5-94C1-4A3A13E2B587}.MinSizeRel|x64.ActiveCfg = MinSizeRel|x64
		{5980DCCC-C9AF-3AA5-94C1-4A3A13E2B587}.MinSizeRel|x64.Build.0 = MinSizeRel|x64
		{5980DCCC-C9AF-3AA5-94C1-4A3A13E2B587}.RelWithDebInfo|x64.ActiveCfg = RelWithDebInfo|x64
		{5980DCCC-C9AF-3AA5-94C1-4A3A13E2B587}.RelWithDebInfo|x64.Build.0 = RelWithDebInfo|x64
		{319E4176-9524-31D7-8E64-4535E4E1979E}.Debug|x64.ActiveCfg = Debug|x64
		{319E4176-9524-31D7-8E64-4535E4E1979E}.Debug|x64.Build.0 = Debug|x64
		{319E4176-9524-31D7-8E64-4535E4E1979E}.Release|x64.ActiveCfg = Release|x64
		{319E4176-9524-31D7-8E64-4535E4E1979E}.Release|x64.Build.0 = Release|x64
		{319E4176-9524-31D7-8E64-4535E4E1979E}.MinSizeRel|x64.ActiveCfg = MinSizeRel|x64
		{319E4176-9524-31D7-8E64-4535E4E1979E}.MinSizeRel|x64.Build.0 = MinSizeRel|x64
		{319E4176-9524-31D7-8E64-4535E4E1979E}.RelWithDebInfo|x64.ActiveCfg = RelWithDebInfo|x64
		{319E4176-9524-31D7-8E64-4535E4E1979E}.RelWithDebInfo|x64.Build.0 = RelWithDebInfo|x64
		{E594BE0D-FD1A-35F5-90AE-67C1C86415A9}.Debug|x64.ActiveCfg = Debug|x64
		{E594BE0D-FD1A-35F5-90AE-67C1C86415A9}.Debug|x64.Build.0 = Debug|x64
		{E594BE0D-FD1A-35F5-90AE-67C1C86415A9}.Release|x64.ActiveCfg = Release|x64
		{E594BE0D-FD1A-35F5-90AE-67C1C86415A9}.Release|x64.Build.0 = Release|x64
		{E594BE0D-FD1A-35F5-90AE-67C1C86415A9}.MinSizeRel|x64.ActiveCfg = MinSizeRel|x64
		{E594BE0D-FD1A-35F5-90AE-67C1C86415A9}.MinSizeRel|x64.Build.0 = MinSizeRel|x64
		{E594BE0D-FD1A-35F5-90AE-67C1C86415A9}.RelWithDebInfo|x64.ActiveCfg = RelWithDebInfo|x64
		{E594BE0D-FD1A-35F5-90AE-67C1C86415A9}.RelWithDebInfo|x64.Build.0 = RelWithDebInfo|x64
		{0ACB5119-C59F-3A8E-B960-77189B3639C4}.Debug|x64.ActiveCfg = Debug|x64
		{0ACB5119-C59F-3A8E-B960-77189B3639C4}.Debug|x64.Build.0 = Debug|x64
		{0ACB5119-C59F-3A8E-B960-77189B3639C4}.Release|x64.ActiveCfg = Release|x64
		{0ACB5119-C59F-3A8E-B960-77189B3639C4}.Release|x64.Build.0 = Release|x64
		{0ACB5119-C59F-3A8E-B960-77189B3639C4}.MinSizeRel|x64.ActiveCfg = MinSizeRel|x64
		{0ACB5119-C59F-3A8E-B960-77189B3639C4}.MinSizeRel|x64.Build.0 = MinSizeRel|x64
		{0ACB5119-C59F-3A8E-B960-77189B3639C4}.RelWithDebInfo|x64.ActiveCfg = RelWithDebInfo|x64
		{0ACB5119-C59F-3A8E-B960-77189B3639C4}.RelWithDebInfo|x64.Build.0 = RelWithDebInfo|x64
		{9CFF22AA-F117-3082-91B0-13DD31EF88FD}.Debug|x64.ActiveCfg = Debug|x64
		{9CFF22AA-F117-3082-91B0-13DD31EF88FD}.Debug|x64.Build.0 = Debug|x64
		{9CFF22AA-F117-3082-91B0-13DD31EF88FD}.Release|x64.ActiveCfg = Release|x64
		{9CFF22AA-F117-3082-91B0-13DD31EF88FD}.Release|x64.Build.0 = Release|x64
		{9CFF22AA-F117-3082-91B0-13DD31EF88FD}.MinSizeRel|x64.ActiveCfg = MinSizeRel|x64
		{9CFF22AA-F117-3082-91B0-13DD31EF88FD}.MinSizeRel|x64.Build.0 = MinSizeRel|x64
		{9CFF22AA-F117-3082-91B0-13DD31EF88FD}.RelWithDebInfo|x64.ActiveCfg = RelWithDebInfo|x64
		{9CFF22AA-F117-3082-91B0-13DD31EF88FD}.RelWithDebInfo|x64.Build.0 = RelWithDebInfo|x64
		{572C7116-71CA-38D6-8312-27F102864C2F}.Debug|x64.ActiveCfg = Debug|x64
		{572C7116-71CA-38D6-8312-27F102864C2F}.Debug|x64.Build.0 = Debug|x64
		{572C7116-71CA-38D6-8312-27F102864C2F}.Release|x64.ActiveCfg = Release|x64
		{572C7116-71CA-38D6-8312-27F102864C2F}.Release|x64.Build.0 = Release|x64
		{572C7116-71CA-38D6-8312-27F102864C2F}.MinSizeRel|x64.ActiveCfg = MinSizeRel|x64
		{572C7116-71CA-38D6-8312-27F102864C2F}.MinSizeRel|x64.Build.0 = MinSizeRel|x64
		{572C7116-71CA-38D6-8312-27F102864C2F}.RelWithDebInfo|x64.ActiveCfg = RelWithDebInfo|x64
		{572C7116-71CA-38D6-8312-27F102864C2F}.RelWithDebInfo|x64.Build.0 = RelWithDebInfo|x64
		{1B395BC2-8A05-3F7B-9376-DD91A13728FC}.Debug|x64.ActiveCfg = Debug|x64
		{1B395BC2-8A05-3F7B-9376-DD91A13728FC}.Debug|x64.Build.0 = Debug|x64
		{1B395BC2-8A05-3F7B-9376-DD91A13728FC}.Release|x64.ActiveCfg = Release|x64
		{1B395BC2-8A05-3F7B-9376-DD91A13728FC}.Release|x64.Build.0 = Release|x64
		{1B395BC2-8A05-3F7B-9376-DD91A13728FC}.MinSizeRel|x64.ActiveCfg = MinSizeRel|x64
		{1B395BC2-8A05-3F7B-9376-DD91A13728FC}.MinSizeRel|x64.Build.0 = MinSizeRel|x64
		{1B395BC2-8A05-3F7B-9376-DD91A13728FC}.RelWithDebInfo|x64.ActiveCfg = RelWithDebInfo|x64
		{1B395BC2-8A05-3F7B-9376-DD91A13728FC}.RelWithDebInfo|x64.Build.0 = RelWithDebInfo|x64
		{8304E889-52DB-36D3-9C93-1B50E7EF31B2}.Debug|x64.ActiveCfg = Debug|x64
		{8304E889-52DB-36D3-9C93-1B50E7EF31B2}.Debug|x64.Build.0 = Debug|x64
		{8304E889-52DB-36D3-9C93-1B50E7EF31B2}.Release|x64.ActiveCfg = Release|x64
		{8304E889-52DB-36D3-9C93-1B50E7EF31B2}.Release|x64.Build.0 = Release|x64
		{8304E889-52DB-36D3-9C93-1B50E7EF31B2}.MinSizeRel|x64.ActiveCfg = MinSizeRel|x64
		{8304E889-52DB-36D3-9C93-1B50E7EF31B2}.MinSizeRel|x64.Build.0 = MinSizeRel|x64
		{8304E889-52DB-36D3-9C93-1B50E7EF31B2}.RelWithDebInfo|x64.ActiveCfg = RelWithDebInfo|x64
		{8304E889-52DB-36D3-9C93-1B50E7EF31B2}.RelWithDebInfo|x64.Build.0 = RelWithDebInfo|x64
		{9ED8A001-5503-3FF0-9783-08E9AB511E59}.Debug|x64.ActiveCfg = Debug|x64
		{9ED8A001-5503-3FF0-9783-08E9AB511E59}.Debug|x64.Build.0 = Debug|x64
		{9ED8A001-5503-3FF0-9783-08E9AB511E59}.Release|x64.ActiveCfg = Release|x64
		{9ED8A001-5503-3FF0-9783-08E9AB511E59}.Release|x64.Build.0 = Release|x64
		{9ED8A001-5503-3FF0-9783-08E9AB511E59}.MinSizeRel|x64.ActiveCfg = MinSizeRel|x64
		{9ED8A001-5503-3FF0-9783-08E9AB511E59}.MinSizeRel|x64.Build.0 = MinSizeRel|x64
		{9ED8A001-5503-3FF0-9783-08E9AB511E59}.RelWithDebInfo|x64.ActiveCfg = RelWithDebInfo|x64
		{9ED8A001-5503-3FF0-9783-08E9AB511E59}.RelWithDebInfo|x64.Build.0 = RelWithDebInfo|x64
		{5AC70D53-CA04-3EA9-BE29-8E188AB94B75}.Debug|x64.ActiveCfg = Debug|x64
		{5AC70D53-CA04-3EA9-BE29-8E188AB94B75}.Debug|x64.Build.0 = Debug|x64
		{5AC70D53-CA04-3EA9-BE29-8E188AB94B75}.Release|x64.ActiveCfg = Release|x64
		{5AC70D53-CA04-3EA9-BE29-8E188AB94B75}.Release|x64.Build.0 = Release|x64
		{5AC70D53-CA04-3EA9-BE29-8E188AB94B75}.MinSizeRel|x64.ActiveCfg = MinSizeRel|x64
		{5AC70D53-CA04-3EA9-BE29-8E188AB94B75}.MinSizeRel|x64.Build.0 = MinSizeRel|x64
		{5AC70D53-CA04-3EA9-BE29-8E188AB94B75}.RelWithDebInfo|x64.ActiveCfg = RelWithDebInfo|x64
		{5AC70D53-CA04-3EA9-BE29-8E188AB94B75}.RelWithDebInfo|x64.Build.0 = RelWithDebInfo|x64
		{7ABB3AD1-C445-3B0F-B197-1FE4F242E399}.Debug|x64.ActiveCfg = Debug|x64
		{7ABB3AD1-C445-3B0F-B197-1FE4F242E399}.Debug|x64.Build.0 = Debug|x64
		{7ABB3AD1-C445-3B0F-B197-1FE4F242E399}.Release|x64.ActiveCfg = Release|x64
		{7ABB3AD1-C445-3B0F-B197-1FE4F242E399}.Release|x64.Build.0 = Release|x64
		{7ABB3AD1-C445-3B0F-B197-1FE4F242E399}.MinSizeRel|x64.ActiveCfg = MinSizeRel|x64
		{7ABB3AD1-C445-3B0F-B197-1FE4F242E399}.MinSizeRel|x64.Build.0 = MinSizeRel|x64
		{7ABB3AD1-C445-3B0F-B197-1FE4F242E399}.RelWithDebInfo|x64.ActiveCfg = RelWithDebInfo|x64
		{7ABB3AD1-C445-3B0F-B197-1FE4F242E399}.RelWithDebInfo|x64.Build.0 = RelWithDebInfo|x64
		{02133CC8-B61E-3A1F-8A79-F2BDAD9995E1}.Debug|x64.ActiveCfg = Debug|x64
		{02133CC8-B61E-3A1F-8A79-F2BDAD9995E1}.Debug|x64.Build.0 = Debug|x64
		{02133CC8-B61E-3A1F-8A79-F2BDAD9995E1}.Release|x64.ActiveCfg = Release|x64
		{02133CC8-B61E-3A1F-8A79-F2BDAD9995E1}.Release|x64.Build.0 = Release|x64
		{02133CC8-B61E-3A1F-8A79-F2BDAD9995E1}.MinSizeRel|x64.ActiveCfg = MinSizeRel|x64
		{02133CC8-B61E-3A1F-8A79-F2BDAD9995E1}.MinSizeRel|x64.Build.0 = MinSizeRel|x64
		{02133CC8-B61E-3A1F-8A79-F2BDAD9995E1}.RelWithDebInfo|x64.ActiveCfg = RelWithDebInfo|x64
		{02133CC8-B61E-3A1F-8A79-F2BDAD9995E1}.RelWithDebInfo|x64.Build.0 = RelWithDebInfo|x64
		{3E6918C7-DA62-342C-8081-82C7ED7277D5}.Debug|x64.ActiveCfg = Debug|x64
		{3E6918C7-DA62-342C-8081-82C7ED7277D5}.Debug|x64.Build.0 = Debug|x64
		{3E6918C7-DA62-342C-8081-82C7ED7277D5}.Release|x64.ActiveCfg = Release|x64
		{3E6918C7-DA62-342C-8081-82C7ED7277D5}.Release|x64.Build.0 = Release|x64
		{3E6918C7-DA62-342C-8081-82C7ED7277D5}.MinSizeRel|x64.ActiveCfg = MinSizeRel|x64
		{3E6918C7-DA62-342C-8081-82C7ED7277D5}.MinSizeRel|x64.Build.0 = MinSizeRel|x64
		{3E6918C7-DA62-342C-8081-82C7ED7277D5}.RelWithDebInfo|x64.ActiveCfg = RelWithDebInfo|x64
		{3E6918C7-DA62-342C-8081-82C7ED7277D5}.RelWithDebInfo|x64.Build.0 = RelWithDebInfo|x64
		{E715A50C-A489-3E00-BF64-9C099E4B7381}.Debug|x64.ActiveCfg = Debug|x64
		{E715A50C-A489-3E00-BF64-9C099E4B7381}.Debug|x64.Build.0 = Debug|x64
		{E715A50C-A489-3E00-BF64-9C099E4B7381}.Release|x64.ActiveCfg = Release|x64
		{E715A50C-A489-3E00-BF64-9C099E4B7381}.Release|x64.Build.0 = Release|x64
		{E715A50C-A489-3E00-BF64-9C099E4B7381}.MinSizeRel|x64.ActiveCfg = MinSizeRel|x64
		{E715A50C-A489-3E00-BF64-9C099E4B7381}.MinSizeRel|x64.Build.0 = MinSizeRel|x64
		{E715A50C-A489-3E00-BF64-9C099E4B7381}.RelWithDebInfo|x64.ActiveCfg = RelWithDebInfo|x64
		{E715A50C-A489-3E00-BF64-9C099E4B7381}.RelWithDebInfo|x64.Build.0 = RelWithDebInfo|x64
		{2722B357-52BC-348B-94C7-88704713BC2E}.Debug|x64.ActiveCfg = Debug|x64
		{2722B357-52BC-348B-94C7-88704713BC2E}.Debug|x64.Build.0 = Debug|x64
		{2722B357-52BC-348B-94C7-88704713BC2E}.Release|x64.ActiveCfg = Release|x64
		{2722B357-52BC-348B-94C7-88704713BC2E}.Release|x64.Build.0 = Release|x64
		{2722B357-52BC-348B-94C7-88704713BC2E}.MinSizeRel|x64.ActiveCfg = MinSizeRel|x64
		{2722B357-52BC-348B-94C7-88704713BC2E}.MinSizeRel|x64.Build.0 = MinSizeRel|x64
		{2722B357-52BC-348B-94C7-88704713BC2E}.RelWithDebInfo|x64.ActiveCfg = RelWithDebInfo|x64
		{2722B357-52BC-348B-94C7-88704713BC2E}.RelWithDebInfo|x64.Build.0 = RelWithDebInfo|x64
		{EA558912-375E-3924-A689-23B9BA9E1154}.Debug|x64.ActiveCfg = Debug|x64
		{EA558912-375E-3924-A689-23B9BA9E1154}.Debug|x64.Build.0 = Debug|x64
		{EA558912-375E-3924-A689-23B9BA9E1154}.Release|x64.ActiveCfg = Release|x64
		{EA558912-375E-3924-A689-23B9BA9E1154}.Release|x64.Build.0 = Release|x64
		{EA558912-375E-3924-A689-23B9BA9E1154}.MinSizeRel|x64.ActiveCfg = MinSizeRel|x64
		{EA558912-375E-3924-A689-23B9BA9E1154}.MinSizeRel|x64.Build.0 = MinSizeRel|x64
		{EA558912-375E-3924-A689-23B9BA9E1154}.RelWithDebInfo|x64.ActiveCfg = RelWithDebInfo|x64
		{EA558912-375E-3924-A689-23B9BA9E1154}.RelWithDebInfo|x64.Build.0 = RelWithDebInfo|x64
		{E0E2B93B-966C-3672-B83F-E49D4236C4B3}.Debug|x64.ActiveCfg = Debug|x64
		{E0E2B93B-966C-3672-B83F-E49D4236C4B3}.Debug|x64.Build.0 = Debug|x64
		{E0E2B93B-966C-3672-B83F-E49D4236C4B3}.Release|x64.ActiveCfg = Release|x64
		{E0E2B93B-966C-3672-B83F-E49D4236C4B3}.Release|x64.Build.0 = Release|x64
		{E0E2B93B-966C-3672-B83F-E49D4236C4B3}.MinSizeRel|x64.ActiveCfg = MinSizeRel|x64
		{E0E2B93B-966C-3672-B83F-E49D4236C4B3}.MinSizeRel|x64.Build.0 = MinSizeRel|x64
		{E0E2B93B-966C-3672-B83F-E49D4236C4B3}.RelWithDebInfo|x64.ActiveCfg = RelWithDebInfo|x64
		{E0E2B93B-966C-3672-B83F-E49D4236C4B3}.RelWithDebInfo|x64.Build.0 = RelWithDebInfo|x64
		{5FDF0397-7EAE-3548-989B-CFA6331C4F9D}.Debug|x64.ActiveCfg = Debug|x64
		{5FDF0397-7EAE-3548-989B-CFA6331C4F9D}.Debug|x64.Build.0 = Debug|x64
		{5FDF0397-7EAE-3548-989B-CFA6331C4F9D}.Release|x64.ActiveCfg = Release|x64
		{5FDF0397-7EAE-3548-989B-CFA6331C4F9D}.Release|x64.Build.0 = Release|x64
		{5FDF0397-7EAE-3548-989B-CFA6331C4F9D}.MinSizeRel|x64.ActiveCfg = MinSizeRel|x64
		{5FDF0397-7EAE-3548-989B-CFA6331C4F9D}.MinSizeRel|x64.Build.0 = MinSizeRel|x64
		{5FDF0397-7EAE-3548-989B-CFA6331C4F9D}.RelWithDebInfo|x64.ActiveCfg = RelWithDebInfo|x64
		{5FDF0397-7EAE-3548-989B-CFA6331C4F9D}.RelWithDebInfo|x64.Build.0 = RelWithDebInfo|x64
		{5C11B492-DF1B-34E2-B3C7-38C3A0D98547}.Debug|x64.ActiveCfg = Debug|x64
		{5C11B492-DF1B-34E2-B3C7-38C3A0D98547}.Debug|x64.Build.0 = Debug|x64
		{5C11B492-DF1B-34E2-B3C7-38C3A0D98547}.Release|x64.ActiveCfg = Release|x64
		{5C11B492-DF1B-34E2-B3C7-38C3A0D98547}.Release|x64.Build.0 = Release|x64
		{5C11B492-DF1B-34E2-B3C7-38C3A0D98547}.MinSizeRel|x64.ActiveCfg = MinSizeRel|x64
		{5C11B492-DF1B-34E2-B3C7-38C3A0D98547}.MinSizeRel|x64.Build.0 = MinSizeRel|x64
		{5C11B492-DF1B-34E2-B3C7-38C3A0D98547}.RelWithDebInfo|x64.ActiveCfg = RelWithDebInfo|x64
		{5C11B492-DF1B-34E2-B3C7-38C3A0D98547}.RelWithDebInfo|x64.Build.0 = RelWithDebInfo|x64
		{6F2D0C61-DDAA-3D85-B20B-E828B9B855D0}.Debug|x64.ActiveCfg = Debug|x64
		{6F2D0C61-DDAA-3D85-B20B-E828B9B855D0}.Debug|x64.Build.0 = Debug|x64
		{6F2D0C61-DDAA-3D85-B20B-E828B9B855D0}.Release|x64.ActiveCfg = Release|x64
		{6F2D0C61-DDAA-3D85-B20B-E828B9B855D0}.Release|x64.Build.0 = Release|x64
		{6F2D0C61-DDAA-3D85-B20B-E828B9B855D0}.MinSizeRel|x64.ActiveCfg = MinSizeRel|x64
		{6F2D0C61-DDAA-3D85-B20B-E828B9B855D0}.MinSizeRel|x64.Build.0 = MinSizeRel|x64
		{6F2D0C61-DDAA-3D85-B20B-E828B9B855D0}.RelWithDebInfo|x64.ActiveCfg = RelWithDebInfo|x64
		{6F2D0C61-DDAA-3D85-B20B-E828B9B855D0}.RelWithDebInfo|x64.Build.0 = RelWithDebInfo|x64
		{02C56750-5096-3117-9AC1-C3A4B0746A11}.Debug|x64.ActiveCfg = Debug|x64
		{02C56750-5096-3117-9AC1-C3A4B0746A11}.Debug|x64.Build.0 = Debug|x64
		{02C56750-5096-3117-9AC1-C3A4B0746A11}.Release|x64.ActiveCfg = Release|x64
		{02C56750-5096-3117-9AC1-C3A4B0746A11}.Release|x64.Build.0 = Release|x64
		{02C56750-5096-3117-9AC1-C3A4B0746A11}.MinSizeRel|x64.ActiveCfg = MinSizeRel|x64
		{02C56750-5096-3117-9AC1-C3A4B0746A11}.MinSizeRel|x64.Build.0 = MinSizeRel|x64
		{02C56750-5096-3117-9AC1-C3A4B0746A11}.RelWithDebInfo|x64.ActiveCfg = RelWithDebInfo|x64
		{02C56750-5096-3117-9AC1-C3A4B0746A11}.RelWithDebInfo|x64.Build.0 = RelWithDebInfo|x64
		{FF72FB65-CE0C-31BB-B309-D33EC99EBBF7}.Debug|x64.ActiveCfg = Debug|x64
		{FF72FB65-CE0C-31BB-B309-D33EC99EBBF7}.Debug|x64.Build.0 = Debug|x64
		{FF72FB65-CE0C-31BB-B309-D33EC99EBBF7}.Release|x64.ActiveCfg = Release|x64
		{FF72FB65-CE0C-31BB-B309-D33EC99EBBF7}.Release|x64.Build.0 = Release|x64
		{FF72FB65-CE0C-31BB-B309-D33EC99EBBF7}.MinSizeRel|x64.ActiveCfg = MinSizeRel|x64
		{FF72FB65-CE0C-31BB-B309-D33EC99EBBF7}.MinSizeRel|x64.Build.0 = MinSizeRel|x64
		{FF72FB65-CE0C-31BB-B309-D33EC99EBBF7}.RelWithDebInfo|x64.ActiveCfg = RelWithDebInfo|x64
		{FF72FB65-CE0C-31BB-B309-D33EC99EBBF7}.RelWithDebInfo|x64.Build.0 = RelWithDebInfo|x64
		{03437562-F784-3DD0-8759-FB47ADE9B847}.Debug|x64.ActiveCfg = Debug|x64
		{03437562-F784-3DD0-8759-FB47ADE9B847}.Debug|x64.Build.0 = Debug|x64
		{03437562-F784-3DD0-8759-FB47ADE9B847}.Release|x64.ActiveCfg = Release|x64
		{03437562-F784-3DD0-8759-FB47ADE9B847}.Release|x64.Build.0 = Release|x64
		{03437562-F784-3DD0-8759-FB47ADE9B847}.MinSizeRel|x64.ActiveCfg = MinSizeRel|x64
		{03437562-F784-3DD0-8759-FB47ADE9B847}.MinSizeRel|x64.Build.0 = MinSizeRel|x64
		{03437562-F784-3DD0-8759-FB47ADE9B847}.RelWithDebInfo|x64.ActiveCfg = RelWithDebInfo|x64
		{03437562-F784-3DD0-8759-FB47ADE9B847}.RelWithDebInfo|x64.Build.0 = RelWithDebInfo|x64
		{954A227C-829B-3B1D-8A79-F8F1EA1E8DEB}.Debug|x64.ActiveCfg = Debug|x64
		{954A227C-829B-3B1D-8A79-F8F1EA1E8DEB}.Debug|x64.Build.0 = Debug|x64
		{954A227C-829B-3B1D-8A79-F8F1EA1E8DEB}.Release|x64.ActiveCfg = Release|x64
		{954A227C-829B-3B1D-8A79-F8F1EA1E8DEB}.Release|x64.Build.0 = Release|x64
		{954A227C-829B-3B1D-8A79-F8F1EA1E8DEB}.MinSizeRel|x64.ActiveCfg = MinSizeRel|x64
		{954A227C-829B-3B1D-8A79-F8F1EA1E8DEB}.MinSizeRel|x64.Build.0 = MinSizeRel|x64
		{954A227C-829B-3B1D-8A79-F8F1EA1E8DEB}.RelWithDebInfo|x64.ActiveCfg = RelWithDebInfo|x64
		{954A227C-829B-3B1D-8A79-F8F1EA1E8DEB}.RelWithDebInfo|x64.Build.0 = RelWithDebInfo|x64
		{5A03B6BB-466A-3188-BAB9-5CBCF2664142}.Debug|x64.ActiveCfg = Debug|x64
		{5A03B6BB-466A-3188-BAB9-5CBCF2664142}.Debug|x64.Build.0 = Debug|x64
		{5A03B6BB-466A-3188-BAB9-5CBCF2664142}.Release|x64.ActiveCfg = Release|x64
		{5A03B6BB-466A-3188-BAB9-5CBCF2664142}.Release|x64.Build.0 = Release|x64
		{5A03B6BB-466A-3188-BAB9-5CBCF2664142}.MinSizeRel|x64.ActiveCfg = MinSizeRel|x64
		{5A03B6BB-466A-3188-BAB9-5CBCF2664142}.MinSizeRel|x64.Build.0 = MinSizeRel|x64
		{5A03B6BB-466A-3188-BAB9-5CBCF2664142}.RelWithDebInfo|x64.ActiveCfg = RelWithDebInfo|x64
		{5A03B6BB-466A-3188-BAB9-5CBCF2664142}.RelWithDebInfo|x64.Build.0 = RelWithDebInfo|x64
		{510ACD31-76F5-3085-BE37-A3A0941CCA88}.Debug|x64.ActiveCfg = Debug|x64
		{510ACD31-76F5-3085-BE37-A3A0941CCA88}.Debug|x64.Build.0 = Debug|x64
		{510ACD31-76F5-3085-BE37-A3A0941CCA88}.Release|x64.ActiveCfg = Release|x64
		{510ACD31-76F5-3085-BE37-A3A0941CCA88}.Release|x64.Build.0 = Release|x64
		{510ACD31-76F5-3085-BE37-A3A0941CCA88}.MinSizeRel|x64.ActiveCfg = MinSizeRel|x64
		{510ACD31-76F5-3085-BE37-A3A0941CCA88}.MinSizeRel|x64.Build.0 = MinSizeRel|x64
		{510ACD31-76F5-3085-BE37-A3A0941CCA88}.RelWithDebInfo|x64.ActiveCfg = RelWithDebInfo|x64
		{510ACD31-76F5-3085-BE37-A3A0941CCA88}.RelWithDebInfo|x64.Build.0 = RelWithDebInfo|x64
		{DAFC6893-4B40-3CCD-BE19-F39CB2F4FEE3}.Debug|x64.ActiveCfg = Debug|x64
		{DAFC6893-4B40-3CCD-BE19-F39CB2F4FEE3}.Debug|x64.Build.0 = Debug|x64
		{DAFC6893-4B40-3CCD-BE19-F39CB2F4FEE3}.Release|x64.ActiveCfg = Release|x64
		{DAFC6893-4B40-3CCD-BE19-F39CB2F4FEE3}.Release|x64.Build.0 = Release|x64
		{DAFC6893-4B40-3CCD-BE19-F39CB2F4FEE3}.MinSizeRel|x64.ActiveCfg = MinSizeRel|x64
		{DAFC6893-4B40-3CCD-BE19-F39CB2F4FEE3}.MinSizeRel|x64.Build.0 = MinSizeRel|x64
		{DAFC6893-4B40-3CCD-BE19-F39CB2F4FEE3}.RelWithDebInfo|x64.ActiveCfg = RelWithDebInfo|x64
		{DAFC6893-4B40-3CCD-BE19-F39CB2F4FEE3}.RelWithDebInfo|x64.Build.0 = RelWithDebInfo|x64
		{1F9BE9DE-81F0-3CAC-8BC3-E527AF9D0C1E}.Debug|x64.ActiveCfg = Debug|x64
		{1F9BE9DE-81F0-3CAC-8BC3-E527AF9D0C1E}.Debug|x64.Build.0 = Debug|x64
		{1F9BE9DE-81F0-3CAC-8BC3-E527AF9D0C1E}.Release|x64.ActiveCfg = Release|x64
		{1F9BE9DE-81F0-3CAC-8BC3-E527AF9D0C1E}.Release|x64.Build.0 = Release|x64
		{1F9BE9DE-81F0-3CAC-8BC3-E527AF9D0C1E}.MinSizeRel|x64.ActiveCfg = MinSizeRel|x64
		{1F9BE9DE-81F0-3CAC-8BC3-E527AF9D0C1E}.MinSizeRel|x64.Build.0 = MinSizeRel|x64
		{1F9BE9DE-81F0-3CAC-8BC3-E527AF9D0C1E}.RelWithDebInfo|x64.ActiveCfg = RelWithDebInfo|x64
		{1F9BE9DE-81F0-3CAC-8BC3-E527AF9D0C1E}.RelWithDebInfo|x64.Build.0 = RelWithDebInfo|x64
		{68A20E9D-3C68-30DB-97B3-08D8E19E9946}.Debug|x64.ActiveCfg = Debug|x64
		{68A20E9D-3C68-30DB-97B3-08D8E19E9946}.Debug|x64.Build.0 = Debug|x64
		{68A20E9D-3C68-30DB-97B3-08D8E19E9946}.Release|x64.ActiveCfg = Release|x64
		{68A20E9D-3C68-30DB-97B3-08D8E19E9946}.Release|x64.Build.0 = Release|x64
		{68A20E9D-3C68-30DB-97B3-08D8E19E9946}.MinSizeRel|x64.ActiveCfg = MinSizeRel|x64
		{68A20E9D-3C68-30DB-97B3-08D8E19E9946}.MinSizeRel|x64.Build.0 = MinSizeRel|x64
		{68A20E9D-3C68-30DB-97B3-08D8E19E9946}.RelWithDebInfo|x64.ActiveCfg = RelWithDebInfo|x64
		{68A20E9D-3C68-30DB-97B3-08D8E19E9946}.RelWithDebInfo|x64.Build.0 = RelWithDebInfo|x64
		{180B5B3D-1AAA-340E-BB94-4435CE8BBDAB}.Debug|x64.ActiveCfg = Debug|x64
		{180B5B3D-1AAA-340E-BB94-4435CE8BBDAB}.Debug|x64.Build.0 = Debug|x64
		{180B5B3D-1AAA-340E-BB94-4435CE8BBDAB}.Release|x64.ActiveCfg = Release|x64
		{180B5B3D-1AAA-340E-BB94-4435CE8BBDAB}.Release|x64.Build.0 = Release|x64
		{180B5B3D-1AAA-340E-BB94-4435CE8BBDAB}.MinSizeRel|x64.ActiveCfg = MinSizeRel|x64
		{180B5B3D-1AAA-340E-BB94-4435CE8BBDAB}.MinSizeRel|x64.Build.0 = MinSizeRel|x64
		{180B5B3D-1AAA-340E-BB94-4435CE8BBDAB}.RelWithDebInfo|x64.ActiveCfg = RelWithDebInfo|x64
		{180B5B3D-1AAA-340E-BB94-4435CE8BBDAB}.RelWithDebInfo|x64.Build.0 = RelWithDebInfo|x64
		{A2DF91FF-DCA8-3205-B6C8-961617A4B102}.Debug|x64.ActiveCfg = Debug|x64
		{A2DF91FF-DCA8-3205-B6C8-961617A4B102}.Debug|x64.Build.0 = Debug|x64
		{A2DF91FF-DCA8-3205-B6C8-961617A4B102}.Release|x64.ActiveCfg = Release|x64
		{A2DF91FF-DCA8-3205-B6C8-961617A4B102}.Release|x64.Build.0 = Release|x64
		{A2DF91FF-DCA8-3205-B6C8-961617A4B102}.MinSizeRel|x64.ActiveCfg = MinSizeRel|x64
		{A2DF91FF-DCA8-3205-B6C8-961617A4B102}.MinSizeRel|x64.Build.0 = MinSizeRel|x64
		{A2DF91FF-DCA8-3205-B6C8-961617A4B102}.RelWithDebInfo|x64.ActiveCfg = RelWithDebInfo|x64
		{A2DF91FF-DCA8-3205-B6C8-961617A4B102}.RelWithDebInfo|x64.Build.0 = RelWithDebInfo|x64
		{AC0AE41C-8D59-3A84-93C7-A6D67AD84461}.Debug|x64.ActiveCfg = Debug|x64
		{AC0AE41C-8D59-3A84-93C7-A6D67AD84461}.Debug|x64.Build.0 = Debug|x64
		{AC0AE41C-8D59-3A84-93C7-A6D67AD84461}.Release|x64.ActiveCfg = Release|x64
		{AC0AE41C-8D59-3A84-93C7-A6D67AD84461}.Release|x64.Build.0 = Release|x64
		{AC0AE41C-8D59-3A84-93C7-A6D67AD84461}.MinSizeRel|x64.ActiveCfg = MinSizeRel|x64
		{AC0AE41C-8D59-3A84-93C7-A6D67AD84461}.MinSizeRel|x64.Build.0 = MinSizeRel|x64
		{AC0AE41C-8D59-3A84-93C7-A6D67AD84461}.RelWithDebInfo|x64.ActiveCfg = RelWithDebInfo|x64
		{AC0AE41C-8D59-3A84-93C7-A6D67AD84461}.RelWithDebInfo|x64.Build.0 = RelWithDebInfo|x64
		{39BF5AD8-3947-3EF2-8B44-0ACB02647A3A}.Debug|x64.ActiveCfg = Debug|x64
		{39BF5AD8-3947-3EF2-8B44-0ACB02647A3A}.Release|x64.ActiveCfg = Release|x64
		{39BF5AD8-3947-3EF2-8B44-0ACB02647A3A}.MinSizeRel|x64.ActiveCfg = MinSizeRel|x64
		{39BF5AD8-3947-3EF2-8B44-0ACB02647A3A}.RelWithDebInfo|x64.ActiveCfg = RelWithDebInfo|x64
		{8A5E349D-CDD1-38BC-8FC5-D887B0E62323}.Debug|x64.ActiveCfg = Debug|x64
		{8A5E349D-CDD1-38BC-8FC5-D887B0E62323}.Debug|x64.Build.0 = Debug|x64
		{8A5E349D-CDD1-38BC-8FC5-D887B0E62323}.Release|x64.ActiveCfg = Release|x64
		{8A5E349D-CDD1-38BC-8FC5-D887B0E62323}.Release|x64.Build.0 = Release|x64
		{8A5E349D-CDD1-38BC-8FC5-D887B0E62323}.MinSizeRel|x64.ActiveCfg = MinSizeRel|x64
		{8A5E349D-CDD1-38BC-8FC5-D887B0E62323}.MinSizeRel|x64.Build.0 = MinSizeRel|x64
		{8A5E349D-CDD1-38BC-8FC5-D887B0E62323}.RelWithDebInfo|x64.ActiveCfg = RelWithDebInfo|x64
		{8A5E349D-CDD1-38BC-8FC5-D887B0E62323}.RelWithDebInfo|x64.Build.0 = RelWithDebInfo|x64
		{43155B68-D32C-3871-9970-214BB43F91CD}.Debug|x64.ActiveCfg = Debug|x64
		{43155B68-D32C-3871-9970-214BB43F91CD}.Debug|x64.Build.0 = Debug|x64
		{43155B68-D32C-3871-9970-214BB43F91CD}.Release|x64.ActiveCfg = Release|x64
		{43155B68-D32C-3871-9970-214BB43F91CD}.Release|x64.Build.0 = Release|x64
		{43155B68-D32C-3871-9970-214BB43F91CD}.MinSizeRel|x64.ActiveCfg = MinSizeRel|x64
		{43155B68-D32C-3871-9970-214BB43F91CD}.MinSizeRel|x64.Build.0 = MinSizeRel|x64
		{43155B68-D32C-3871-9970-214BB43F91CD}.RelWithDebInfo|x64.ActiveCfg = RelWithDebInfo|x64
		{43155B68-D32C-3871-9970-214BB43F91CD}.RelWithDebInfo|x64.Build.0 = RelWithDebInfo|x64
		{6D32932F-1B39-3FF5-A889-BB480E8CDCA9}.Debug|x64.ActiveCfg = Debug|x64
		{6D32932F-1B39-3FF5-A889-BB480E8CDCA9}.Debug|x64.Build.0 = Debug|x64
		{6D32932F-1B39-3FF5-A889-BB480E8CDCA9}.Release|x64.ActiveCfg = Release|x64
		{6D32932F-1B39-3FF5-A889-BB480E8CDCA9}.Release|x64.Build.0 = Release|x64
		{6D32932F-1B39-3FF5-A889-BB480E8CDCA9}.MinSizeRel|x64.ActiveCfg = MinSizeRel|x64
		{6D32932F-1B39-3FF5-A889-BB480E8CDCA9}.MinSizeRel|x64.Build.0 = MinSizeRel|x64
		{6D32932F-1B39-3FF5-A889-BB480E8CDCA9}.RelWithDebInfo|x64.ActiveCfg = RelWithDebInfo|x64
		{6D32932F-1B39-3FF5-A889-BB480E8CDCA9}.RelWithDebInfo|x64.Build.0 = RelWithDebInfo|x64
	EndGlobalSection
	GlobalSection(NestedProjects) = preSolution
		{666F4AA9-C77B-3EF2-8A67-090AEECE3786} = {7B9CF725-5B2F-3C9D-8B68-AE739BA1378D}
		{BE799554-D572-38CA-A2FB-8506AF5A4FB1} = {7B9CF725-5B2F-3C9D-8B68-AE739BA1378D}
		{CE2FF9AC-B9B3-3F24-A1D7-A612CF074EEC} = {7B9CF725-5B2F-3C9D-8B68-AE739BA1378D}
		{BBE379C6-BB2C-3F87-9DD7-4BD3C337E436} = {CD92F239-0A4E-3A22-A58E-C7530A9CB37E}
		{77E24162-F2B0-3459-935E-01691BEF76B7} = {CD92F239-0A4E-3A22-A58E-C7530A9CB37E}
		{9823A935-A02A-38D2-96B7-85813EE31A91} = {CD92F239-0A4E-3A22-A58E-C7530A9CB37E}
		{F6DAD1AE-B30E-35C1-A743-79D36595B5EC} = {BBE379C6-BB2C-3F87-9DD7-4BD3C337E436}
		{BFBACF4A-BA6E-3660-9281-5603168EE721} = {BBE379C6-BB2C-3F87-9DD7-4BD3C337E436}
		{752EA382-D879-3AAE-909B-4FEB85CE610E} = {BBE379C6-BB2C-3F87-9DD7-4BD3C337E436}
		{319E4176-9524-31D7-8E64-4535E4E1979E} = {BBE379C6-BB2C-3F87-9DD7-4BD3C337E436}
		{572C7116-71CA-38D6-8312-27F102864C2F} = {BBE379C6-BB2C-3F87-9DD7-4BD3C337E436}
		{1B395BC2-8A05-3F7B-9376-DD91A13728FC} = {BBE379C6-BB2C-3F87-9DD7-4BD3C337E436}
		{8A5E349D-CDD1-38BC-8FC5-D887B0E62323} = {BBE379C6-BB2C-3F87-9DD7-4BD3C337E436}
		{4519FA99-AC7C-3E8C-911E-A6B35CAB7124} = {77E24162-F2B0-3459-935E-01691BEF76B7}
		{50636321-1FCE-3AEA-9D13-A16DE037EDA1} = {77E24162-F2B0-3459-935E-01691BEF76B7}
		{A98EBBE9-CE1F-32B6-B264-DFCE63185ECA} = {77E24162-F2B0-3459-935E-01691BEF76B7}
		{BE295DD9-28C1-3EB8-BC32-5EDC62C267F1} = {77E24162-F2B0-3459-935E-01691BEF76B7}
		{20CC9C5A-20D4-3F43-98D2-80EAE98D89CB} = {77E24162-F2B0-3459-935E-01691BEF76B7}
		{3A94CCB7-A277-379C-8BB8-AF8871C30138} = {77E24162-F2B0-3459-935E-01691BEF76B7}
		{F2111EEC-9159-3C8C-AF34-1F62FADD42C1} = {77E24162-F2B0-3459-935E-01691BEF76B7}
		{B52EDD01-06E6-3ACB-B595-E33290F6A33D} = {77E24162-F2B0-3459-935E-01691BEF76B7}
		{95CBF036-022B-370C-8689-D7C7229D14D1} = {77E24162-F2B0-3459-935E-01691BEF76B7}
		{5980DCCC-C9AF-3AA5-94C1-4A3A13E2B587} = {77E24162-F2B0-3459-935E-01691BEF76B7}
		{0ACB5119-C59F-3A8E-B960-77189B3639C4} = {77E24162-F2B0-3459-935E-01691BEF76B7}
		{9CFF22AA-F117-3082-91B0-13DD31EF88FD} = {77E24162-F2B0-3459-935E-01691BEF76B7}
		{8304E889-52DB-36D3-9C93-1B50E7EF31B2} = {77E24162-F2B0-3459-935E-01691BEF76B7}
		{9ED8A001-5503-3FF0-9783-08E9AB511E59} = {77E24162-F2B0-3459-935E-01691BEF76B7}
		{5AC70D53-CA04-3EA9-BE29-8E188AB94B75} = {77E24162-F2B0-3459-935E-01691BEF76B7}
		{43155B68-D32C-3871-9970-214BB43F91CD} = {77E24162-F2B0-3459-935E-01691BEF76B7}
	EndGlobalSection
	GlobalSection(ExtensibilityGlobals) = postSolution
	EndGlobalSection
	GlobalSection(ExtensibilityAddIns) = postSolution
	EndGlobalSection
EndGlobal
